PODS:
  - Alamofire (5.7.1)
  - AnyImageKit (0.16.0):
    - AnyImageKit/Capture (= 0.16.0)
    - AnyImageKit/Core (= 0.16.0)
    - AnyImageKit/Editor (= 0.16.0)
    - AnyImageKit/Picker (= 0.16.0)
  - AnyImageKit/Capture (0.16.0):
    - AnyImageKit/Core
  - AnyImageKit/Core (0.16.0):
    - Kingfisher
    - SnapKit
  - AnyImageKit/Editor (0.16.0):
    - AnyImageKit/Core
  - AnyImageKit/Picker (0.16.0):
    - AnyImageKit/Core
  - BadgeControl (1.2.1)
  - Cache (6.0.0)
  - CocoaDebug (1.7.7)
  - CodeTextField (0.4.0)
  - DKEmptyDataSet (0.1.0)
  - DKLogger (0.4.0)
  - DZNEmptyDataSet (1.8.1)
  - EachNavigationBar (1.17.0)
  - EntryKit (0.8.0)
  - FSCalendar (2.8.4)
  - FYVideoCompressor (0.0.9)
  - Google-Maps-iOS-Utils (4.1.0):
    - Google-Maps-iOS-Utils/Clustering (= 4.1.0)
    - Google-Maps-iOS-Utils/Geometry (= 4.1.0)
    - Google-Maps-iOS-Utils/GeometryUtils (= 4.1.0)
    - Google-Maps-iOS-Utils/Heatmap (= 4.1.0)
    - Google-Maps-iOS-Utils/QuadTree (= 4.1.0)
    - GoogleMaps
  - Google-Maps-iOS-Utils/Clustering (4.1.0):
    - Google-Maps-iOS-Utils/QuadTree
    - GoogleMaps
  - Google-Maps-iOS-Utils/Geometry (4.1.0):
    - GoogleMaps
  - Google-Maps-iOS-Utils/GeometryUtils (4.1.0):
    - GoogleMaps
  - Google-Maps-iOS-Utils/Heatmap (4.1.0):
    - Google-Maps-iOS-Utils/QuadTree
    - GoogleMaps
  - Google-Maps-iOS-Utils/QuadTree (4.1.0):
    - GoogleMaps
  - GoogleMaps (8.4.0):
    - GoogleMaps/Maps (= 8.4.0)
  - GoogleMaps/Base (8.4.0)
  - GoogleMaps/Maps (8.4.0):
    - GoogleMaps/Base
  - GooglePlaces (8.5.0)
  - GPUImage (0.1.7)
  - HandyJSON (5.0.2)
  - ImagePickerSwift (0.3.1)
  - InputBarAccessoryView (5.5.0):
    - InputBarAccessoryView/Core (= 5.5.0)
  - InputBarAccessoryView/Core (5.5.0)
  - IQKeyboardManagerSwift (6.5.12)
  - JXPagingView/Paging (2.1.2)
  - JXSegmentedView (1.3.0)
  - Kingfisher (7.9.1)
  - KMPlaceholderTextView (1.4.0)
  - Localize-Swift (3.2.0):
    - Localize-Swift/LocalizeSwiftCore (= 3.2.0)
    - Localize-Swift/UIKit (= 3.2.0)
  - Localize-Swift/LocalizeSwiftCore (3.2.0)
  - Localize-Swift/UIKit (3.2.0):
    - Localize-Swift/LocalizeSwiftCore
  - LookinServer (1.1.7):
    - LookinServer/Core (= 1.1.7)
  - LookinServer/Core (1.1.7)
  - MarqueeLabel (4.3.0)
  - MenuItemKit (4.0.1)
  - MessageKit (3.8.0):
    - InputBarAccessoryView (~> 5.5.0)
  - MJExtension (3.4.2)
  - MJRefresh (3.7.5)
  - Moya/Core (14.0.0):
    - Alamofire (~> 5.0)
  - Moya/RxSwift (14.0.0):
    - Moya/Core
    - RxSwift (~> 5.0)
  - NFCReaderWriter (1.1.4)
  - OpenIMSDK (3.5.1):
    - MJExtension
    - OpenIMSDK/Callbacker (= 3.5.1)
    - OpenIMSDK/CallbackProxy (= 3.5.1)
    - OpenIMSDK/Interface (= 3.5.1)
    - OpenIMSDK/Model (= 3.5.1)
    - OpenIMSDK/Utils (= 3.5.1)
    - OpenIMSDKCore (= 3.5.1)
  - OpenIMSDK/Callbacker (3.5.1):
    - MJExtension
    - OpenIMSDK/Model
    - OpenIMSDK/Utils
    - OpenIMSDKCore (= 3.5.1)
  - OpenIMSDK/CallbackProxy (3.5.1):
    - MJExtension
    - OpenIMSDK/Utils
    - OpenIMSDKCore (= 3.5.1)
  - OpenIMSDK/Interface (3.5.1):
    - MJExtension
    - OpenIMSDK/Callbacker
    - OpenIMSDK/CallbackProxy
    - OpenIMSDK/Model
    - OpenIMSDKCore (= 3.5.1)
  - OpenIMSDK/Model (3.5.1):
    - MJExtension
    - OpenIMSDK/Utils
    - OpenIMSDKCore (= 3.5.1)
  - OpenIMSDK/Utils (3.5.1):
    - MJExtension
    - OpenIMSDKCore (= 3.5.1)
  - OpenIMSDKCore (3.5.1)
  - ParallaxHeader (3.0.0)
  - Permission/Camera (3.1.2):
    - Permission/Core
  - Permission/Core (3.1.2)
  - Permission/Microphone (3.1.2):
    - Permission/Core
  - Permission/Notifications (3.1.2):
    - Permission/Core
  - Permission/Photos (3.1.2):
    - Permission/Core
  - PromiseKit (6.18.1):
    - PromiseKit/CorePromise (= 6.18.1)
    - PromiseKit/Foundation (= 6.18.1)
    - PromiseKit/UIKit (= 6.18.1)
  - PromiseKit/CorePromise (6.18.1)
  - PromiseKit/Foundation (6.18.1):
    - PromiseKit/CorePromise
  - PromiseKit/UIKit (6.18.1):
    - PromiseKit/CorePromise
  - R.swift (7.3.2)
  - RichLabel (1.0.0)
  - RxCocoa (5.1.3):
    - RxRelay (~> 5)
    - RxSwift (~> 5)
  - RxGesture (3.0.2):
    - RxCocoa (~> 5.1)
    - RxSwift (~> 5.1)
  - RxKeyboard (1.0.0):
    - RxCocoa (~> 5.0)
    - RxSwift (~> 5.0)
  - RxMoyaCache (0.2.1):
    - Moya/RxSwift
  - RxRelay (5.1.3):
    - RxSwift (~> 5)
  - RxSwift (5.1.2)
  - RxSwiftExt (5.2.0):
    - RxSwiftExt/Core (= 5.2.0)
    - RxSwiftExt/RxCocoa (= 5.2.0)
  - RxSwiftExt/Core (5.2.0):
    - RxSwift (~> 5.0)
  - RxSwiftExt/RxCocoa (5.2.0):
    - RxCocoa (~> 5.0)
    - RxSwiftExt/Core
  - SafeSFSymbols (2.0.0)
  - SectionIndexView (3.0.0)
  - SkeletonView (1.30.4)
  - SKPhotoBrowser (7.1.0)
  - SnapKit (5.6.0)
  - SPIndicator (1.6.4)
  - SVProgressHUD (2.2.5)
  - SwiftDate (6.3.1)
  - SwiftEntryKit (2.0.0)
  - SwifterSwift (5.2.0):
    - SwifterSwift/AppKit (= 5.2.0)
    - SwifterSwift/CoreAnimation (= 5.2.0)
    - SwifterSwift/CoreGraphics (= 5.2.0)
    - SwifterSwift/CoreLocation (= 5.2.0)
    - SwifterSwift/Dispatch (= 5.2.0)
    - SwifterSwift/Foundation (= 5.2.0)
    - SwifterSwift/MapKit (= 5.2.0)
    - SwifterSwift/SceneKit (= 5.2.0)
    - SwifterSwift/SpriteKit (= 5.2.0)
    - SwifterSwift/StoreKit (= 5.2.0)
    - SwifterSwift/SwiftStdlib (= 5.2.0)
    - SwifterSwift/UIKit (= 5.2.0)
  - SwifterSwift/AppKit (5.2.0)
  - SwifterSwift/CoreAnimation (5.2.0)
  - SwifterSwift/CoreGraphics (5.2.0)
  - SwifterSwift/CoreLocation (5.2.0)
  - SwifterSwift/Dispatch (5.2.0)
  - SwifterSwift/Foundation (5.2.0)
  - SwifterSwift/MapKit (5.2.0)
  - SwifterSwift/SceneKit (5.2.0)
  - SwifterSwift/SpriteKit (5.2.0)
  - SwifterSwift/StoreKit (5.2.0)
  - SwifterSwift/SwiftStdlib (5.2.0)
  - SwifterSwift/UIKit (5.2.0)
  - SwiftExtensionsLibrary (0.2.4)
  - SwiftyJSON (5.0.1)
  - TagListView (1.4.1)
  - TBDropdownMenu (4.1.0)
  - Then (3.0.0)
  - WordPress-Aztec-iOS (1.19.8)
  - WordPress-Editor-iOS (1.19.8):
    - WordPress-Aztec-iOS (= 1.19.8)
  - ZLPhotoBrowser (4.3.0):
    - ZLPhotoBrowser/Core (= 4.3.0)
  - ZLPhotoBrowser/Core (4.3.0)

DEPENDENCIES:
  - AnyImageKit
  - BadgeControl
  - Cache (~> 6.0.0)
  - CocoaDebug
  - CodeTextField (~> 0.4.0)
  - DKEmptyDataSet
  - DKLogger
  - DZNEmptyDataSet
  - EachNavigationBar
  - EntryKit
  - FSCalendar
  - FYVideoCompressor
  - Google-Maps-iOS-Utils
  - GoogleMaps
  - GooglePlaces
  - GPUImage
  - HandyJSON
  - ImagePickerSwift
  - IQKeyboardManagerSwift
  - JXPagingView/Paging
  - JXSegmentedView
  - Kingfisher
  - KMPlaceholderTextView
  - Localize-Swift (~> 3.2)
  - LookinServer
  - MarqueeLabel
  - MenuItemKit
  - MessageKit
  - MJRefresh
  - NFCReaderWriter
  - OpenIMSDK
  - ParallaxHeader
  - Permission/Camera
  - Permission/Microphone
  - Permission/Notifications
  - Permission/Photos
  - PromiseKit
  - R.swift
  - RichLabel
  - RxCocoa
  - RxGesture
  - RxKeyboard
  - RxMoyaCache
  - RxSwift (= 5.1.2)
  - RxSwiftExt
  - SafeSFSymbols
  - SectionIndexView
  - SkeletonView
  - SKPhotoBrowser
  - SnapKit
  - SPIndicator
  - SVProgressHUD
  - SwiftDate
  - SwiftEntryKit
  - SwifterSwift
  - SwiftExtensionsLibrary (from `https://github.com/winterrain5/SwiftExtensionsLibrary.git`)
  - SwiftyJSON
  - TagListView
  - TBDropdownMenu
  - Then
  - WordPress-Aztec-iOS
  - WordPress-Editor-iOS
  - ZLPhotoBrowser (= 4.3.0)

SPEC REPOS:
  trunk:
    - Alamofire
    - AnyImageKit
    - BadgeControl
    - Cache
    - CocoaDebug
    - CodeTextField
    - DKEmptyDataSet
    - DKLogger
    - DZNEmptyDataSet
    - EachNavigationBar
    - EntryKit
    - FSCalendar
    - FYVideoCompressor
    - Google-Maps-iOS-Utils
    - GoogleMaps
    - GooglePlaces
    - GPUImage
    - HandyJSON
    - ImagePickerSwift
    - InputBarAccessoryView
    - IQKeyboardManagerSwift
    - JXPagingView
    - JXSegmentedView
    - Kingfisher
    - KMPlaceholderTextView
    - Localize-Swift
    - LookinServer
    - MarqueeLabel
    - MenuItemKit
    - MessageKit
    - MJExtension
    - MJRefresh
    - Moya
    - NFCReaderWriter
    - OpenIMSDK
    - OpenIMSDKCore
    - ParallaxHeader
    - Permission
    - PromiseKit
    - R.swift
    - RichLabel
    - RxCocoa
    - RxGesture
    - RxKeyboard
    - RxMoyaCache
    - RxRelay
    - RxSwift
    - RxSwiftExt
    - SafeSFSymbols
    - SectionIndexView
    - SkeletonView
    - SKPhotoBrowser
    - SnapKit
    - SPIndicator
    - SVProgressHUD
    - SwiftDate
    - SwiftEntryKit
    - SwifterSwift
    - SwiftyJSON
    - TagListView
    - TBDropdownMenu
    - Then
    - WordPress-Aztec-iOS
    - WordPress-Editor-iOS
    - ZLPhotoBrowser

EXTERNAL SOURCES:
  SwiftExtensionsLibrary:
    :git: https://github.com/winterrain5/SwiftExtensionsLibrary.git

CHECKOUT OPTIONS:
  SwiftExtensionsLibrary:
    :commit: 9793954331b1a0e8f3a7dcb65bcede65ae3c125f
    :git: https://github.com/winterrain5/SwiftExtensionsLibrary.git

SPEC CHECKSUMS:
  Alamofire: 0123a34370cb170936ae79a8df46cc62b2edeb88
  AnyImageKit: 5f30ce2cad2ffa9162c3e6d827ccb3a280553640
  BadgeControl: 67036e7f586930bba15084dbf89ebce7aa2f2bc2
  Cache: 4ca7e00363fca5455f26534e5607634c820ffc2d
  CocoaDebug: b38d31464b91a9775928f8667d114db07b136565
  CodeTextField: c6217e79c8f98655b0cde955475af06484f2c72a
  DKEmptyDataSet: 3cca8b2435bec8a8265d238012f0f99ab112c91f
  DKLogger: 4db2407d09a97241fbb81ea2f2b7f3190f032769
  DZNEmptyDataSet: 9525833b9e68ac21c30253e1d3d7076cc828eaa7
  EachNavigationBar: 87430187ca1f898e6d9d8bb95c35e49749e5a0a2
  EntryKit: eca0306497a948fa9c81ff665bf6895309c7d67e
  FSCalendar: 2d1d0d9398f12d439f55c1fe0f01525b151b8260
  FYVideoCompressor: 80e2a90bbc118044038b37b8442f23084c5698bf
  Google-Maps-iOS-Utils: 3343332b18dfd5be8f1f44edd7d481ace3da4d9a
  GoogleMaps: 8939898920281c649150e0af74aa291c60f2e77d
  GooglePlaces: 426efb69051e7b460e16300ba63598687d10fa1a
  GPUImage: 733a5f0fab92df9de1c37ba9df520a833ccb406d
  HandyJSON: 9e4e236f5d2dbefad5155a77417bbea438201c03
  ImagePickerSwift: 0328d670660823ff33529b58be08c7a13b686758
  InputBarAccessoryView: 1d7b0a672b36e370f01f264b3907ef39d03328e3
  IQKeyboardManagerSwift: 371b08cb39664fb56030f5345c815a4ffc74bbc0
  JXPagingView: 90924b364a2ff7e94db534fad1fa50925ff69ee4
  JXSegmentedView: fec0d335355b6e019c494fe2e030bde8a36d2df6
  Kingfisher: 1d14e9f59cbe19389f591c929000332bf70efd32
  KMPlaceholderTextView: 2206c3df39979e9396e2d96fa9f427a8951121b0
  Localize-Swift: 6f4475136bdb0d7b2882ea3d4ea919d70142b232
  LookinServer: 4ce0469b066871525611d009d8d16a7a50c23491
  MarqueeLabel: 02f5ac8fd6877c94564556cb93fa86c70c08baeb
  MenuItemKit: 1459920e984d823e1bcc858b7a964f94e6bfa0f6
  MessageKit: a1ba0c69ebead94029867853eb44dd05b9b3f453
  MJExtension: e97d164cb411aa9795cf576093a1fa208b4a8dd8
  MJRefresh: fdf5e979eb406a0341468932d1dfc8b7f9fce961
  Moya: 5b45dacb75adb009f97fde91c204c1e565d31916
  NFCReaderWriter: b21965d1b3b8c53f7648f58f597b77a13f6ecdc5
  OpenIMSDK: 9050804353c52289d4eb02f4c69c19028c30849d
  OpenIMSDKCore: 002ccd940d261619d117eedcb8e6236aae718aaa
  ParallaxHeader: a343f55eb38f52a89c5820a77e14cf975b84e6aa
  Permission: 4821359fb4d4367fb59aa16df38fbba5722ac842
  PromiseKit: 49d70c53d5d20e346beaea4b276b5dd2ab446bb4
  R.swift: 0af0d882f49f03711415cb4e5215daa977d8a480
  RichLabel: c4560e1750201f10ab9041a2f31a762efdea1629
  RxCocoa: e2ed092d5432e4296aa818021d27de4090ac0354
  RxGesture: d6bd7447ca3a596c7a9702a6a2b6a2bb5d8bae54
  RxKeyboard: 6683c4344304a00f943c158bd8a43ce5469c82a7
  RxMoyaCache: 38823d584cdfbea48d2ffdae32676f81e0dd06a6
  RxRelay: 5a18c2eb2d68326ebaf0112f80d837ae41b92b97
  RxSwift: 1e2e1f9570186967f617e49128ed26ccf1bafc8e
  RxSwiftExt: 4ca80336f43c28f11a2825cdd2fc61dd6c044697
  SafeSFSymbols: c57c8752149b2ddc0213d3d519a3a31a8bd76340
  SectionIndexView: b5369b14500696aec99531cb9a390773d162929e
  SkeletonView: 5a050f6411e697abd4cda0a8d767013399dccd69
  SKPhotoBrowser: cd95b95a6f352fc2a50992721299f75ead77f9ab
  SnapKit: e01d52ebb8ddbc333eefe2132acf85c8227d9c25
  SPIndicator: 93e0a4fb23de51294ac48e874c0f081a5e293e4f
  SVProgressHUD: 1428aafac632c1f86f62aa4243ec12008d7a51d6
  SwiftDate: 72d28954e8e1c6c1c0f917ccc8005e4f83c7d4b2
  SwiftEntryKit: 61b5fa36f34a97dd8013e48a7345bc4c4720be9a
  SwifterSwift: 334181863c416882d97b7a60c05054d9e4d799e2
  SwiftExtensionsLibrary: 80a9b716aa8348394cad31b0bff49e0adecd8d86
  SwiftyJSON: 2f33a42c6fbc52764d96f13368585094bfd8aa5e
  TagListView: a1c236d17960a0cf64156725a76ce6d73ebce2be
  TBDropdownMenu: 9201924bf459a3ae426b992f3db032d377020636
  Then: 844265ae87834bbe1147d91d5d41a404da2ec27d
  WordPress-Aztec-iOS: 7d11d598f14c82c727c08b56bd35fbeb7dafb504
  WordPress-Editor-iOS: 9eb9f12f21a5209cb837908d81ffe1e31cb27345
  ZLPhotoBrowser: 7c5c3ea5e42428d26dc74a52fe821aa2a9274fa3

PODFILE CHECKSUM: fa88c409f9c52f69a1fb87db5945953c81dc1a1a

COCOAPODS: 1.11.2
