// !$*UTF8*$!
{
	archiveVersion = 1;
	classes = {
	};
	objectVersion = 55;
	objects = {

/* Begin PBXBuildFile section */
		45005C4C2A52AF4500560E21 /* EventListRequestModel.swift in Sources */ = {isa = PBXBuildFile; fileRef = 45005C4B2A52AF4500560E21 /* EventListRequestModel.swift */; };
		45005C4E2A53B67D00560E21 /* EventSetAssistantsController.swift in Sources */ = {isa = PBXBuildFile; fileRef = 45005C4D2A53B67D00560E21 /* EventSetAssistantsController.swift */; };
		450B6C7E2A371733008B0C4A /* Operators.swift in Sources */ = {isa = PBXBuildFile; fileRef = 450B6C7D2A371733008B0C4A /* Operators.swift */; };
		450B6C802A37F85B008B0C4A /* EditViewController.swift in Sources */ = {isa = PBXBuildFile; fileRef = 450B6C7F2A37F85B008B0C4A /* EditViewController.swift */; };
		450B6C852A37FFAB008B0C4A /* JobItemCell.swift in Sources */ = {isa = PBXBuildFile; fileRef = 450B6C832A37FFAB008B0C4A /* JobItemCell.swift */; };
		450B6C862A37FFAB008B0C4A /* JobItemCell.xib in Resources */ = {isa = PBXBuildFile; fileRef = 450B6C842A37FFAB008B0C4A /* JobItemCell.xib */; };
		450B6C882A380CC9008B0C4A /* JobSavedController.swift in Sources */ = {isa = PBXBuildFile; fileRef = 450B6C872A380CC9008B0C4A /* JobSavedController.swift */; };
		450B6C8C2A383D24008B0C4A /* HomeHeaderView.swift in Sources */ = {isa = PBXBuildFile; fileRef = 450B6C8B2A383D24008B0C4A /* HomeHeaderView.swift */; };
		450B6C8E2A383D8F008B0C4A /* HomeHeaderView.xib in Resources */ = {isa = PBXBuildFile; fileRef = 450B6C8D2A383D8F008B0C4A /* HomeHeaderView.xib */; };
		450BA6B62A31B9B000764828 /* Localizer.swift in Sources */ = {isa = PBXBuildFile; fileRef = 450BA6B52A31B9B000764828 /* Localizer.swift */; };
		450BA6B82A31C6EE00764828 /* ProfileNoActivitySectionView.swift in Sources */ = {isa = PBXBuildFile; fileRef = 450BA6B72A31C6EE00764828 /* ProfileNoActivitySectionView.swift */; };
		450BA6BA2A31C76E00764828 /* ProfileSectionView.swift in Sources */ = {isa = PBXBuildFile; fileRef = 450BA6B92A31C76E00764828 /* ProfileSectionView.swift */; };
		450BA6BD2A31CDAB00764828 /* R.generated.swift in Sources */ = {isa = PBXBuildFile; fileRef = 450BA6BC2A31CDAB00764828 /* R.generated.swift */; };
		450BA6BF2A32B4B700764828 /* UIViewExtension.swift in Sources */ = {isa = PBXBuildFile; fileRef = 450BA6BE2A32B4B700764828 /* UIViewExtension.swift */; };
		450BA6C72A32B9BD00764828 /* LoginController.swift in Sources */ = {isa = PBXBuildFile; fileRef = 450BA6C62A32B9BD00764828 /* LoginController.swift */; };
		450BA6C92A32B9C700764828 /* LoginView.swift in Sources */ = {isa = PBXBuildFile; fileRef = 450BA6C82A32B9C700764828 /* LoginView.swift */; };
		450BA6CB2A32B9D800764828 /* LoginView.xib in Resources */ = {isa = PBXBuildFile; fileRef = 450BA6CA2A32B9D800764828 /* LoginView.xib */; };
		450BA6CF2A32C62D00764828 /* SwiftFitSize.swift in Sources */ = {isa = PBXBuildFile; fileRef = 450BA6CE2A32C62D00764828 /* SwiftFitSize.swift */; };
		450BA6D52A32F05B00764828 /* RegistInfoController.swift in Sources */ = {isa = PBXBuildFile; fileRef = 450BA6D42A32F05B00764828 /* RegistInfoController.swift */; };
		450BA6D72A32F06B00764828 /* RegistInfoView.swift in Sources */ = {isa = PBXBuildFile; fileRef = 450BA6D62A32F06B00764828 /* RegistInfoView.swift */; };
		450BA6D92A32F07600764828 /* RegistInfoView.xib in Resources */ = {isa = PBXBuildFile; fileRef = 450BA6D82A32F07600764828 /* RegistInfoView.xib */; };
		450BA6DB2A330A2300764828 /* RegistProfileController.swift in Sources */ = {isa = PBXBuildFile; fileRef = 450BA6DA2A330A2300764828 /* RegistProfileController.swift */; };
		450BA6DD2A330A3500764828 /* RegistProfileView.swift in Sources */ = {isa = PBXBuildFile; fileRef = 450BA6DC2A330A3500764828 /* RegistProfileView.swift */; };
		450BA6DF2A330B8400764828 /* RegistProfileView.xib in Resources */ = {isa = PBXBuildFile; fileRef = 450BA6DE2A330B8400764828 /* RegistProfileView.xib */; };
		450BA6E12A3312D500764828 /* RegistConfirmController.swift in Sources */ = {isa = PBXBuildFile; fileRef = 450BA6E02A3312D500764828 /* RegistConfirmController.swift */; };
		450BA6E32A3312EB00764828 /* RegistConfirmView.xib in Resources */ = {isa = PBXBuildFile; fileRef = 450BA6E22A3312EB00764828 /* RegistConfirmView.xib */; };
		450BA6E52A33130B00764828 /* RegistConfirmView.swift in Sources */ = {isa = PBXBuildFile; fileRef = 450BA6E42A33130B00764828 /* RegistConfirmView.swift */; };
		450BA6E72A36A96800764828 /* RegistAddAvatarController.swift in Sources */ = {isa = PBXBuildFile; fileRef = 450BA6E62A36A96800764828 /* RegistAddAvatarController.swift */; };
		450BA6E92A36A97700764828 /* RegistAddAvatarView.swift in Sources */ = {isa = PBXBuildFile; fileRef = 450BA6E82A36A97700764828 /* RegistAddAvatarView.swift */; };
		450BA6EB2A36A98F00764828 /* RegistAddAvatarView.xib in Resources */ = {isa = PBXBuildFile; fileRef = 450BA6EA2A36A98F00764828 /* RegistAddAvatarView.xib */; };
		4519A4892A495A72007481A6 /* CalendarAddAttendanceController.swift in Sources */ = {isa = PBXBuildFile; fileRef = 4519A4882A495A72007481A6 /* CalendarAddAttendanceController.swift */; };
		4519A48B2A4AB716007481A6 /* EventDetailView.swift in Sources */ = {isa = PBXBuildFile; fileRef = 4519A48A2A4AB716007481A6 /* EventDetailView.swift */; };
		4519A48D2A4AB71E007481A6 /* EventDetailView.xib in Resources */ = {isa = PBXBuildFile; fileRef = 4519A48C2A4AB71E007481A6 /* EventDetailView.xib */; };
		4519A48F2A4AC69C007481A6 /* EventDetailController.swift in Sources */ = {isa = PBXBuildFile; fileRef = 4519A48E2A4AC69C007481A6 /* EventDetailController.swift */; };
		4536533A2A4136BA0026EC8D /* UserInfoModel.swift in Sources */ = {isa = PBXBuildFile; fileRef = 453653392A4136BA0026EC8D /* UserInfoModel.swift */; };
		4536533C2A413DF70026EC8D /* FriendApi.swift in Sources */ = {isa = PBXBuildFile; fileRef = 4536533B2A413DF70026EC8D /* FriendApi.swift */; };
		4536533E2A413F270026EC8D /* FriendService.swift in Sources */ = {isa = PBXBuildFile; fileRef = 4536533D2A413F270026EC8D /* FriendService.swift */; };
		453653432A47E8C70026EC8D /* ConnectAuditItemCell.swift in Sources */ = {isa = PBXBuildFile; fileRef = 453653412A47E8C70026EC8D /* ConnectAuditItemCell.swift */; };
		453653442A47E8C70026EC8D /* ConnectAuditItemCell.xib in Resources */ = {isa = PBXBuildFile; fileRef = 453653422A47E8C70026EC8D /* ConnectAuditItemCell.xib */; };
		457133B92A4D0E81007B783A /* EventSearchViewController.swift in Sources */ = {isa = PBXBuildFile; fileRef = 457133B82A4D0E81007B783A /* EventSearchViewController.swift */; };
		457B2AFA2A36B2610098013A /* ProfileExperienceItemCell.swift in Sources */ = {isa = PBXBuildFile; fileRef = 457B2AF82A36B2610098013A /* ProfileExperienceItemCell.swift */; };
		457C508B2A38438800FCE8D0 /* HomeHeaderJobItemCell.swift in Sources */ = {isa = PBXBuildFile; fileRef = 457C50892A38438800FCE8D0 /* HomeHeaderJobItemCell.swift */; };
		457C508C2A38438800FCE8D0 /* HomeHeaderJobItemCell.xib in Resources */ = {isa = PBXBuildFile; fileRef = 457C508A2A38438800FCE8D0 /* HomeHeaderJobItemCell.xib */; };
		457C508F2A384B5F00FCE8D0 /* HomeItemCell.swift in Sources */ = {isa = PBXBuildFile; fileRef = 457C508D2A384B5F00FCE8D0 /* HomeItemCell.swift */; };
		457C50902A384B5F00FCE8D0 /* HomeItemCell.xib in Resources */ = {isa = PBXBuildFile; fileRef = 457C508E2A384B5F00FCE8D0 /* HomeItemCell.xib */; };
		457C50962A38582A00FCE8D0 /* RegistRequestModel.swift in Sources */ = {isa = PBXBuildFile; fileRef = 457C50952A38582A00FCE8D0 /* RegistRequestModel.swift */; };
		457C50982A38589200FCE8D0 /* AuthApi.swift in Sources */ = {isa = PBXBuildFile; fileRef = 457C50972A38589200FCE8D0 /* AuthApi.swift */; };
		457C509A2A38598100FCE8D0 /* AuthService.swift in Sources */ = {isa = PBXBuildFile; fileRef = 457C50992A38598100FCE8D0 /* AuthService.swift */; };
		457C509D2A38648300FCE8D0 /* CountryModel.swift in Sources */ = {isa = PBXBuildFile; fileRef = 457C509C2A38648300FCE8D0 /* CountryModel.swift */; };
		457C509F2A3949E400FCE8D0 /* CountryListController.swift in Sources */ = {isa = PBXBuildFile; fileRef = 457C509E2A3949E400FCE8D0 /* CountryListController.swift */; };
		457C7D932A4D6A47002E50DF /* DatePickerView.swift in Sources */ = {isa = PBXBuildFile; fileRef = 457C7D912A4D6A47002E50DF /* DatePickerView.swift */; };
		457C7D952A4E6BB1002E50DF /* FriendSearchController.swift in Sources */ = {isa = PBXBuildFile; fileRef = 457C7D942A4E6BB1002E50DF /* FriendSearchController.swift */; };
		457C7D972A52644D002E50DF /* AddAssitantsRequestModel.swift in Sources */ = {isa = PBXBuildFile; fileRef = 457C7D962A52644D002E50DF /* AddAssitantsRequestModel.swift */; };
		457C7DD02A52976D002E50DF /* CalendarAssistantMenu.swift in Sources */ = {isa = PBXBuildFile; fileRef = 457C7DCF2A52976D002E50DF /* CalendarAssistantMenu.swift */; };
		45920AC92A26E045005871ED /* Cacheable+Extension.swift in Sources */ = {isa = PBXBuildFile; fileRef = 45920A7B2A26E045005871ED /* Cacheable+Extension.swift */; };
		45920ACA2A26E045005871ED /* ObservableType+HandyJson.swift in Sources */ = {isa = PBXBuildFile; fileRef = 45920A7C2A26E045005871ED /* ObservableType+HandyJson.swift */; };
		45920ACB2A26E045005871ED /* CacheProvider+Extension.swift in Sources */ = {isa = PBXBuildFile; fileRef = 45920A7D2A26E045005871ED /* CacheProvider+Extension.swift */; };
		45920ACC2A26E045005871ED /* APIError.swift in Sources */ = {isa = PBXBuildFile; fileRef = 45920A7F2A26E045005871ED /* APIError.swift */; };
		45920ACD2A26E045005871ED /* NetworkLogPlugin.swift in Sources */ = {isa = PBXBuildFile; fileRef = 45920A802A26E045005871ED /* NetworkLogPlugin.swift */; };
		45920ACE2A26E045005871ED /* APIHost.swift in Sources */ = {isa = PBXBuildFile; fileRef = 45920A812A26E045005871ED /* APIHost.swift */; };
		45920AD02A26E045005871ED /* EmptyDataType.swift in Sources */ = {isa = PBXBuildFile; fileRef = 45920A832A26E045005871ED /* EmptyDataType.swift */; };
		45920AD12A26E045005871ED /* DataParseErrorType.swift in Sources */ = {isa = PBXBuildFile; fileRef = 45920A842A26E045005871ED /* DataParseErrorType.swift */; };
		45920AD22A26E045005871ED /* MainApi.swift in Sources */ = {isa = PBXBuildFile; fileRef = 45920A862A26E045005871ED /* MainApi.swift */; };
		45920AD32A26E045005871ED /* HomeController.swift in Sources */ = {isa = PBXBuildFile; fileRef = 45920A892A26E045005871ED /* HomeController.swift */; };
		45920AD42A26E045005871ED /* Exported.swift in Sources */ = {isa = PBXBuildFile; fileRef = 45920A8C2A26E045005871ED /* Exported.swift */; };
		45920AD52A26E045005871ED /* Macro.swift in Sources */ = {isa = PBXBuildFile; fileRef = 45920A8D2A26E045005871ED /* Macro.swift */; };
		45920AD62A26E045005871ED /* PKError.swift in Sources */ = {isa = PBXBuildFile; fileRef = 45920A8E2A26E045005871ED /* PKError.swift */; };
		45920AD72A26E045005871ED /* Device.swift in Sources */ = {isa = PBXBuildFile; fileRef = 45920A8F2A26E045005871ED /* Device.swift */; };
		45920AD82A26E045005871ED /* AppKey.swift in Sources */ = {isa = PBXBuildFile; fileRef = 45920A902A26E045005871ED /* AppKey.swift */; };
		45920ADB2A26E045005871ED /* NotifictionCenter+Name.swift in Sources */ = {isa = PBXBuildFile; fileRef = 45920A942A26E045005871ED /* NotifictionCenter+Name.swift */; };
		45920ADD2A26E045005871ED /* NSObject+Extension.swift in Sources */ = {isa = PBXBuildFile; fileRef = 45920A962A26E045005871ED /* NSObject+Extension.swift */; };
		45920AE12A26E045005871ED /* Permission+Extension.swift in Sources */ = {isa = PBXBuildFile; fileRef = 45920A9A2A26E045005871ED /* Permission+Extension.swift */; };
		45920AE52A26E045005871ED /* Toast.swift in Sources */ = {isa = PBXBuildFile; fileRef = 45920AA02A26E045005871ED /* Toast.swift */; };
		45920AE62A26E045005871ED /* RefreshAnimationFooter.swift in Sources */ = {isa = PBXBuildFile; fileRef = 45920AA22A26E045005871ED /* RefreshAnimationFooter.swift */; };
		45920AE72A26E045005871ED /* RefreshAnimationHeader.swift in Sources */ = {isa = PBXBuildFile; fileRef = 45920AA32A26E045005871ED /* RefreshAnimationHeader.swift */; };
		45920AE82A26E045005871ED /* LoaddingButton.swift in Sources */ = {isa = PBXBuildFile; fileRef = 45920AA52A26E045005871ED /* LoaddingButton.swift */; };
		45920AE92A26E045005871ED /* CountDownButton.swift in Sources */ = {isa = PBXBuildFile; fileRef = 45920AA62A26E045005871ED /* CountDownButton.swift */; };
		45920AEA2A26E045005871ED /* ZoomImageScrollView.swift in Sources */ = {isa = PBXBuildFile; fileRef = 45920AA82A26E045005871ED /* ZoomImageScrollView.swift */; };
		45920AEB2A26E045005871ED /* WebBrowser+MessageHandler.swift in Sources */ = {isa = PBXBuildFile; fileRef = 45920AAA2A26E045005871ED /* WebBrowser+MessageHandler.swift */; };
		45920AEC2A26E045005871ED /* WebBrowserController.swift in Sources */ = {isa = PBXBuildFile; fileRef = 45920AAB2A26E045005871ED /* WebBrowserController.swift */; };
		45920AED2A26E045005871ED /* WebView.swift in Sources */ = {isa = PBXBuildFile; fileRef = 45920AAC2A26E045005871ED /* WebView.swift */; };
		45920AEE2A26E045005871ED /* ScriptMessage.swift in Sources */ = {isa = PBXBuildFile; fileRef = 45920AAD2A26E045005871ED /* ScriptMessage.swift */; };
		45920AEF2A26E045005871ED /* YBTapLabel.swift in Sources */ = {isa = PBXBuildFile; fileRef = 45920AAF2A26E045005871ED /* YBTapLabel.swift */; };
		45920AF02A26E045005871ED /* TapticEngine.swift in Sources */ = {isa = PBXBuildFile; fileRef = 45920AB22A26E045005871ED /* TapticEngine.swift */; };
		45920AF12A26E045005871ED /* DefaultsExtension.swift in Sources */ = {isa = PBXBuildFile; fileRef = 45920AB42A26E045005871ED /* DefaultsExtension.swift */; };
		45920AF22A26E045005871ED /* Defaults.swift in Sources */ = {isa = PBXBuildFile; fileRef = 45920AB52A26E045005871ED /* Defaults.swift */; };
		45920AF32A26E045005871ED /* Haptico.swift in Sources */ = {isa = PBXBuildFile; fileRef = 45920AB62A26E045005871ED /* Haptico.swift */; };
		45920AF42A26E045005871ED /* Assets.xcassets in Resources */ = {isa = PBXBuildFile; fileRef = 45920AB82A26E045005871ED /* Assets.xcassets */; };
		45920AF52A26E045005871ED /* LaunchScreen.storyboard in Resources */ = {isa = PBXBuildFile; fileRef = 45920AB92A26E045005871ED /* LaunchScreen.storyboard */; };
		45920AF72A26E045005871ED /* AppDelegate.swift in Sources */ = {isa = PBXBuildFile; fileRef = 45920ABD2A26E045005871ED /* AppDelegate.swift */; };
		45920AF92A26E045005871ED /* BaseViewController+Extension.swift in Sources */ = {isa = PBXBuildFile; fileRef = 45920AC12A26E045005871ED /* BaseViewController+Extension.swift */; };
		45920AFA2A26E045005871ED /* BaseViewController.swift in Sources */ = {isa = PBXBuildFile; fileRef = 45920AC22A26E045005871ED /* BaseViewController.swift */; };
		45920AFB2A26E045005871ED /* BaseTableController.swift in Sources */ = {isa = PBXBuildFile; fileRef = 45920AC32A26E045005871ED /* BaseTableController.swift */; };
		45920AFC2A26E045005871ED /* BaseNavigationController.swift in Sources */ = {isa = PBXBuildFile; fileRef = 45920AC42A26E045005871ED /* BaseNavigationController.swift */; };
		45920AFD2A26E045005871ED /* BaseCollectionController.swift in Sources */ = {isa = PBXBuildFile; fileRef = 45920AC52A26E045005871ED /* BaseCollectionController.swift */; };
		45920AFE2A26E045005871ED /* BaseModel.swift in Sources */ = {isa = PBXBuildFile; fileRef = 45920AC72A26E045005871ED /* BaseModel.swift */; };
		45920AFF2A26E045005871ED /* DataLoadable.swift in Sources */ = {isa = PBXBuildFile; fileRef = 45920AC82A26E045005871ED /* DataLoadable.swift */; };
		45920B2D2A2DB3A2005871ED /* InfoPlist.strings in Resources */ = {isa = PBXBuildFile; fileRef = 45920B2F2A2DB3A2005871ED /* InfoPlist.strings */; };
		45920B332A2DB43D005871ED /* Localizable.strings in Resources */ = {isa = PBXBuildFile; fileRef = 45920B352A2DB43D005871ED /* Localizable.strings */; };
		459C06592A36B9150066F85A /* ProfileInterestsItemsCell.swift in Sources */ = {isa = PBXBuildFile; fileRef = 459C06582A36B9150066F85A /* ProfileInterestsItemsCell.swift */; };
		459C065B2A36BBED0066F85A /* ProfileEducationItemCell.swift in Sources */ = {isa = PBXBuildFile; fileRef = 459C065A2A36BBED0066F85A /* ProfileEducationItemCell.swift */; };
		459C065D2A36C0540066F85A /* ProfileSkillsItemCell.swift in Sources */ = {isa = PBXBuildFile; fileRef = 459C065C2A36C0540066F85A /* ProfileSkillsItemCell.swift */; };
		459C06612A36F03E0066F85A /* NameCardView.swift in Sources */ = {isa = PBXBuildFile; fileRef = 459C06602A36F03E0066F85A /* NameCardView.swift */; };
		459C06632A36F1370066F85A /* NameCardQRCodeView.xib in Resources */ = {isa = PBXBuildFile; fileRef = 459C06622A36F1370066F85A /* NameCardQRCodeView.xib */; };
		459C06652A36F59C0066F85A /* NameCardQRCodeView.swift in Sources */ = {isa = PBXBuildFile; fileRef = 459C06642A36F59C0066F85A /* NameCardQRCodeView.swift */; };
		459C06672A36F7220066F85A /* NameCardContentView.swift in Sources */ = {isa = PBXBuildFile; fileRef = 459C06662A36F7220066F85A /* NameCardContentView.swift */; };
		459C06692A36F73F0066F85A /* NameCardContentView.xib in Resources */ = {isa = PBXBuildFile; fileRef = 459C06682A36F73F0066F85A /* NameCardContentView.xib */; };
		459C066B2A3700D70066F85A /* NameCardEditView.swift in Sources */ = {isa = PBXBuildFile; fileRef = 459C066A2A3700D70066F85A /* NameCardEditView.swift */; };
		459C066D2A3700DF0066F85A /* NameCardEditView.xib in Resources */ = {isa = PBXBuildFile; fileRef = 459C066C2A3700DF0066F85A /* NameCardEditView.xib */; };
		45A10A492A31B02500726B66 /* ProfileHeaderView.swift in Sources */ = {isa = PBXBuildFile; fileRef = 45A10A482A31B02500726B66 /* ProfileHeaderView.swift */; };
		45A10A4B2A31B03F00726B66 /* ProfileHeaderView.xib in Resources */ = {isa = PBXBuildFile; fileRef = 45A10A4A2A31B03F00726B66 /* ProfileHeaderView.xib */; };
		45ADB28F2A3FF00E00745F6F /* UserApi.swift in Sources */ = {isa = PBXBuildFile; fileRef = 45ADB28E2A3FF00E00745F6F /* UserApi.swift */; };
		45ADB2912A3FF0AD00745F6F /* UserService.swift in Sources */ = {isa = PBXBuildFile; fileRef = 45ADB2902A3FF0AD00745F6F /* UserService.swift */; };
		45ADB2932A3FF72D00745F6F /* CalendarAddEventController.swift in Sources */ = {isa = PBXBuildFile; fileRef = 45ADB2922A3FF72D00745F6F /* CalendarAddEventController.swift */; };
		45ADB2952A3FFCEC00745F6F /* CalendarAddEventView.swift in Sources */ = {isa = PBXBuildFile; fileRef = 45ADB2942A3FFCEC00745F6F /* CalendarAddEventView.swift */; };
		45ADB2972A3FFCF800745F6F /* CalendarAddEventView.xib in Resources */ = {isa = PBXBuildFile; fileRef = 45ADB2962A3FFCF800745F6F /* CalendarAddEventView.xib */; };
		45ADB2992A4038E800745F6F /* ConnectionOfMyController.swift in Sources */ = {isa = PBXBuildFile; fileRef = 45ADB2982A4038E800745F6F /* ConnectionOfMyController.swift */; };
		45ADB29C2A40390100745F6F /* ConnectionOfMyCell.swift in Sources */ = {isa = PBXBuildFile; fileRef = 45ADB29A2A40390100745F6F /* ConnectionOfMyCell.swift */; };
		45ADB29D2A40390100745F6F /* ConnectionOfMyCell.xib in Resources */ = {isa = PBXBuildFile; fileRef = 45ADB29B2A40390100745F6F /* ConnectionOfMyCell.xib */; };
		45BBF5262A48328D0018992C /* MessageController.swift in Sources */ = {isa = PBXBuildFile; fileRef = 45BBF5252A48328D0018992C /* MessageController.swift */; };
		45BBF5282A4832EC0018992C /* ScheduleApi.swift in Sources */ = {isa = PBXBuildFile; fileRef = 45BBF5272A4832EC0018992C /* ScheduleApi.swift */; };
		45BBF52A2A4833B00018992C /* AddEventRequestModel.swift in Sources */ = {isa = PBXBuildFile; fileRef = 45BBF5292A4833B00018992C /* AddEventRequestModel.swift */; };
		45BBF52C2A4835440018992C /* ScheduleService.swift in Sources */ = {isa = PBXBuildFile; fileRef = 45BBF52B2A4835440018992C /* ScheduleService.swift */; };
		45D4D9B32A3C2B2200D7ED04 /* ConnectionItemCell.swift in Sources */ = {isa = PBXBuildFile; fileRef = 45D4D9B12A3C2B2200D7ED04 /* ConnectionItemCell.swift */; };
		45D4D9B62A3C2B7B00D7ED04 /* ConnectionItemCell.xib in Resources */ = {isa = PBXBuildFile; fileRef = 45D4D9B52A3C2B7B00D7ED04 /* ConnectionItemCell.xib */; };
		45D4D9B82A3C3FB400D7ED04 /* ConnectionRecommendController.swift in Sources */ = {isa = PBXBuildFile; fileRef = 45D4D9B72A3C3FB400D7ED04 /* ConnectionRecommendController.swift */; };
		45E765B22A31A97F00BF6EEC /* ProfileController.swift in Sources */ = {isa = PBXBuildFile; fileRef = 45E765B12A31A97F00BF6EEC /* ProfileController.swift */; };
		45E765B52A31A99400BF6EEC /* SettingController.swift in Sources */ = {isa = PBXBuildFile; fileRef = 45E765B42A31A99400BF6EEC /* SettingController.swift */; };
		45E765B82A31A9EE00BF6EEC /* ConnectionController.swift in Sources */ = {isa = PBXBuildFile; fileRef = 45E765B72A31A9EE00BF6EEC /* ConnectionController.swift */; };
		45E765BB2A31A9FD00BF6EEC /* JobController.swift in Sources */ = {isa = PBXBuildFile; fileRef = 45E765BA2A31A9FD00BF6EEC /* JobController.swift */; };
		45E765BE2A31ABA200BF6EEC /* MainController.swift in Sources */ = {isa = PBXBuildFile; fileRef = 45E765BD2A31ABA200BF6EEC /* MainController.swift */; };
		45E85B112A398EBA00B820CD /* CityModel.swift in Sources */ = {isa = PBXBuildFile; fileRef = 45E85B102A398EBA00B820CD /* CityModel.swift */; };
		45E85B132A3AB4FA00B820CD /* TokenModel.swift in Sources */ = {isa = PBXBuildFile; fileRef = 45E85B122A3AB4FA00B820CD /* TokenModel.swift */; };
		45E85B192A3AE23500B820CD /* CalendarController.swift in Sources */ = {isa = PBXBuildFile; fileRef = 45E85B182A3AE23500B820CD /* CalendarController.swift */; };
		45E85B1B2A3AE25B00B820CD /* CalendarView.swift in Sources */ = {isa = PBXBuildFile; fileRef = 45E85B1A2A3AE25B00B820CD /* CalendarView.swift */; };
		45E85B1D2A3AE26500B820CD /* CalendarView.xib in Resources */ = {isa = PBXBuildFile; fileRef = 45E85B1C2A3AE26500B820CD /* CalendarView.xib */; };
		45E85B1F2A3AE3E800B820CD /* CalendarHeaderView.swift in Sources */ = {isa = PBXBuildFile; fileRef = 45E85B1E2A3AE3E800B820CD /* CalendarHeaderView.swift */; };
		45E85B212A3AFC4800B820CD /* CalendarSectionView.swift in Sources */ = {isa = PBXBuildFile; fileRef = 45E85B202A3AFC4800B820CD /* CalendarSectionView.swift */; };
		45E85B232A3AFFC100B820CD /* CalendarSectionView.xib in Resources */ = {isa = PBXBuildFile; fileRef = 45E85B222A3AFFC100B820CD /* CalendarSectionView.xib */; };
		45E85B262A3B0A4200B820CD /* CaledarItemCell.swift in Sources */ = {isa = PBXBuildFile; fileRef = 45E85B242A3B0A4200B820CD /* CaledarItemCell.swift */; };
		45E85B272A3B0A4200B820CD /* CaledarItemCell.xib in Resources */ = {isa = PBXBuildFile; fileRef = 45E85B252A3B0A4200B820CD /* CaledarItemCell.xib */; };
		C6310719968D783250580AAC /* Pods_Wecyn.framework in Frameworks */ = {isa = PBXBuildFile; fileRef = 5AEE29EE5807D6553F4C94D9 /* Pods_Wecyn.framework */; };
/* End PBXBuildFile section */

/* Begin PBXFileReference section */
		45005C4B2A52AF4500560E21 /* EventListRequestModel.swift */ = {isa = PBXFileReference; lastKnownFileType = sourcecode.swift; path = EventListRequestModel.swift; sourceTree = "<group>"; };
		45005C4D2A53B67D00560E21 /* EventSetAssistantsController.swift */ = {isa = PBXFileReference; lastKnownFileType = sourcecode.swift; path = EventSetAssistantsController.swift; sourceTree = "<group>"; };
		450B6C7D2A371733008B0C4A /* Operators.swift */ = {isa = PBXFileReference; fileEncoding = 4; lastKnownFileType = sourcecode.swift; path = Operators.swift; sourceTree = "<group>"; };
		450B6C7F2A37F85B008B0C4A /* EditViewController.swift */ = {isa = PBXFileReference; lastKnownFileType = sourcecode.swift; path = EditViewController.swift; sourceTree = "<group>"; };
		450B6C832A37FFAB008B0C4A /* JobItemCell.swift */ = {isa = PBXFileReference; lastKnownFileType = sourcecode.swift; path = JobItemCell.swift; sourceTree = "<group>"; };
		450B6C842A37FFAB008B0C4A /* JobItemCell.xib */ = {isa = PBXFileReference; lastKnownFileType = file.xib; path = JobItemCell.xib; sourceTree = "<group>"; };
		450B6C872A380CC9008B0C4A /* JobSavedController.swift */ = {isa = PBXFileReference; lastKnownFileType = sourcecode.swift; path = JobSavedController.swift; sourceTree = "<group>"; };
		450B6C8B2A383D24008B0C4A /* HomeHeaderView.swift */ = {isa = PBXFileReference; lastKnownFileType = sourcecode.swift; path = HomeHeaderView.swift; sourceTree = "<group>"; };
		450B6C8D2A383D8F008B0C4A /* HomeHeaderView.xib */ = {isa = PBXFileReference; lastKnownFileType = file.xib; path = HomeHeaderView.xib; sourceTree = "<group>"; };
		450BA6B52A31B9B000764828 /* Localizer.swift */ = {isa = PBXFileReference; lastKnownFileType = sourcecode.swift; path = Localizer.swift; sourceTree = "<group>"; };
		450BA6B72A31C6EE00764828 /* ProfileNoActivitySectionView.swift */ = {isa = PBXFileReference; lastKnownFileType = sourcecode.swift; path = ProfileNoActivitySectionView.swift; sourceTree = "<group>"; };
		450BA6B92A31C76E00764828 /* ProfileSectionView.swift */ = {isa = PBXFileReference; lastKnownFileType = sourcecode.swift; path = ProfileSectionView.swift; sourceTree = "<group>"; };
		450BA6BC2A31CDAB00764828 /* R.generated.swift */ = {isa = PBXFileReference; fileEncoding = 4; lastKnownFileType = sourcecode.swift; path = R.generated.swift; sourceTree = SOURCE_ROOT; };
		450BA6BE2A32B4B700764828 /* UIViewExtension.swift */ = {isa = PBXFileReference; lastKnownFileType = sourcecode.swift; path = UIViewExtension.swift; sourceTree = "<group>"; };
		450BA6C62A32B9BD00764828 /* LoginController.swift */ = {isa = PBXFileReference; lastKnownFileType = sourcecode.swift; path = LoginController.swift; sourceTree = "<group>"; };
		450BA6C82A32B9C700764828 /* LoginView.swift */ = {isa = PBXFileReference; lastKnownFileType = sourcecode.swift; path = LoginView.swift; sourceTree = "<group>"; };
		450BA6CA2A32B9D800764828 /* LoginView.xib */ = {isa = PBXFileReference; lastKnownFileType = file.xib; path = LoginView.xib; sourceTree = "<group>"; };
		450BA6CE2A32C62D00764828 /* SwiftFitSize.swift */ = {isa = PBXFileReference; lastKnownFileType = sourcecode.swift; path = SwiftFitSize.swift; sourceTree = "<group>"; };
		450BA6D42A32F05B00764828 /* RegistInfoController.swift */ = {isa = PBXFileReference; lastKnownFileType = sourcecode.swift; path = RegistInfoController.swift; sourceTree = "<group>"; };
		450BA6D62A32F06B00764828 /* RegistInfoView.swift */ = {isa = PBXFileReference; lastKnownFileType = sourcecode.swift; path = RegistInfoView.swift; sourceTree = "<group>"; };
		450BA6D82A32F07600764828 /* RegistInfoView.xib */ = {isa = PBXFileReference; lastKnownFileType = file.xib; path = RegistInfoView.xib; sourceTree = "<group>"; };
		450BA6DA2A330A2300764828 /* RegistProfileController.swift */ = {isa = PBXFileReference; lastKnownFileType = sourcecode.swift; path = RegistProfileController.swift; sourceTree = "<group>"; };
		450BA6DC2A330A3500764828 /* RegistProfileView.swift */ = {isa = PBXFileReference; lastKnownFileType = sourcecode.swift; path = RegistProfileView.swift; sourceTree = "<group>"; };
		450BA6DE2A330B8400764828 /* RegistProfileView.xib */ = {isa = PBXFileReference; lastKnownFileType = file.xib; path = RegistProfileView.xib; sourceTree = "<group>"; };
		450BA6E02A3312D500764828 /* RegistConfirmController.swift */ = {isa = PBXFileReference; lastKnownFileType = sourcecode.swift; path = RegistConfirmController.swift; sourceTree = "<group>"; };
		450BA6E22A3312EB00764828 /* RegistConfirmView.xib */ = {isa = PBXFileReference; lastKnownFileType = file.xib; path = RegistConfirmView.xib; sourceTree = "<group>"; };
		450BA6E42A33130B00764828 /* RegistConfirmView.swift */ = {isa = PBXFileReference; lastKnownFileType = sourcecode.swift; path = RegistConfirmView.swift; sourceTree = "<group>"; };
		450BA6E62A36A96800764828 /* RegistAddAvatarController.swift */ = {isa = PBXFileReference; lastKnownFileType = sourcecode.swift; path = RegistAddAvatarController.swift; sourceTree = "<group>"; };
		450BA6E82A36A97700764828 /* RegistAddAvatarView.swift */ = {isa = PBXFileReference; lastKnownFileType = sourcecode.swift; path = RegistAddAvatarView.swift; sourceTree = "<group>"; };
		450BA6EA2A36A98F00764828 /* RegistAddAvatarView.xib */ = {isa = PBXFileReference; lastKnownFileType = file.xib; path = RegistAddAvatarView.xib; sourceTree = "<group>"; };
		4519A4882A495A72007481A6 /* CalendarAddAttendanceController.swift */ = {isa = PBXFileReference; lastKnownFileType = sourcecode.swift; path = CalendarAddAttendanceController.swift; sourceTree = "<group>"; };
		4519A48A2A4AB716007481A6 /* EventDetailView.swift */ = {isa = PBXFileReference; lastKnownFileType = sourcecode.swift; path = EventDetailView.swift; sourceTree = "<group>"; };
		4519A48C2A4AB71E007481A6 /* EventDetailView.xib */ = {isa = PBXFileReference; lastKnownFileType = file.xib; path = EventDetailView.xib; sourceTree = "<group>"; };
		4519A48E2A4AC69C007481A6 /* EventDetailController.swift */ = {isa = PBXFileReference; lastKnownFileType = sourcecode.swift; path = EventDetailController.swift; sourceTree = "<group>"; };
		453653392A4136BA0026EC8D /* UserInfoModel.swift */ = {isa = PBXFileReference; lastKnownFileType = sourcecode.swift; path = UserInfoModel.swift; sourceTree = "<group>"; };
		4536533B2A413DF70026EC8D /* FriendApi.swift */ = {isa = PBXFileReference; lastKnownFileType = sourcecode.swift; path = FriendApi.swift; sourceTree = "<group>"; };
		4536533D2A413F270026EC8D /* FriendService.swift */ = {isa = PBXFileReference; lastKnownFileType = sourcecode.swift; path = FriendService.swift; sourceTree = "<group>"; };
		453653412A47E8C70026EC8D /* ConnectAuditItemCell.swift */ = {isa = PBXFileReference; lastKnownFileType = sourcecode.swift; path = ConnectAuditItemCell.swift; sourceTree = "<group>"; };
		453653422A47E8C70026EC8D /* ConnectAuditItemCell.xib */ = {isa = PBXFileReference; lastKnownFileType = file.xib; path = ConnectAuditItemCell.xib; sourceTree = "<group>"; };
		457133B82A4D0E81007B783A /* EventSearchViewController.swift */ = {isa = PBXFileReference; lastKnownFileType = sourcecode.swift; path = EventSearchViewController.swift; sourceTree = "<group>"; };
		457B2AF82A36B2610098013A /* ProfileExperienceItemCell.swift */ = {isa = PBXFileReference; lastKnownFileType = sourcecode.swift; path = ProfileExperienceItemCell.swift; sourceTree = "<group>"; };
		457C50892A38438800FCE8D0 /* HomeHeaderJobItemCell.swift */ = {isa = PBXFileReference; lastKnownFileType = sourcecode.swift; path = HomeHeaderJobItemCell.swift; sourceTree = "<group>"; };
		457C508A2A38438800FCE8D0 /* HomeHeaderJobItemCell.xib */ = {isa = PBXFileReference; lastKnownFileType = file.xib; path = HomeHeaderJobItemCell.xib; sourceTree = "<group>"; };
		457C508D2A384B5F00FCE8D0 /* HomeItemCell.swift */ = {isa = PBXFileReference; lastKnownFileType = sourcecode.swift; path = HomeItemCell.swift; sourceTree = "<group>"; };
		457C508E2A384B5F00FCE8D0 /* HomeItemCell.xib */ = {isa = PBXFileReference; lastKnownFileType = file.xib; path = HomeItemCell.xib; sourceTree = "<group>"; };
		457C50952A38582A00FCE8D0 /* RegistRequestModel.swift */ = {isa = PBXFileReference; lastKnownFileType = sourcecode.swift; path = RegistRequestModel.swift; sourceTree = "<group>"; };
		457C50972A38589200FCE8D0 /* AuthApi.swift */ = {isa = PBXFileReference; lastKnownFileType = sourcecode.swift; path = AuthApi.swift; sourceTree = "<group>"; };
		457C50992A38598100FCE8D0 /* AuthService.swift */ = {isa = PBXFileReference; lastKnownFileType = sourcecode.swift; path = AuthService.swift; sourceTree = "<group>"; };
		457C509C2A38648300FCE8D0 /* CountryModel.swift */ = {isa = PBXFileReference; lastKnownFileType = sourcecode.swift; path = CountryModel.swift; sourceTree = "<group>"; };
		457C509E2A3949E400FCE8D0 /* CountryListController.swift */ = {isa = PBXFileReference; lastKnownFileType = sourcecode.swift; path = CountryListController.swift; sourceTree = "<group>"; };
		457C7D912A4D6A47002E50DF /* DatePickerView.swift */ = {isa = PBXFileReference; fileEncoding = 4; lastKnownFileType = sourcecode.swift; path = DatePickerView.swift; sourceTree = "<group>"; };
		457C7D942A4E6BB1002E50DF /* FriendSearchController.swift */ = {isa = PBXFileReference; lastKnownFileType = sourcecode.swift; path = FriendSearchController.swift; sourceTree = "<group>"; };
		457C7D962A52644D002E50DF /* AddAssitantsRequestModel.swift */ = {isa = PBXFileReference; lastKnownFileType = sourcecode.swift; path = AddAssitantsRequestModel.swift; sourceTree = "<group>"; };
		457C7DCF2A52976D002E50DF /* CalendarAssistantMenu.swift */ = {isa = PBXFileReference; lastKnownFileType = sourcecode.swift; path = CalendarAssistantMenu.swift; sourceTree = "<group>"; };
		459209CC2A26D5F4005871ED /* Wecyn.app */ = {isa = PBXFileReference; explicitFileType = wrapper.application; includeInIndex = 0; path = Wecyn.app; sourceTree = BUILT_PRODUCTS_DIR; };
		45920A7B2A26E045005871ED /* Cacheable+Extension.swift */ = {isa = PBXFileReference; fileEncoding = 4; lastKnownFileType = sourcecode.swift; path = "Cacheable+Extension.swift"; sourceTree = "<group>"; };
		45920A7C2A26E045005871ED /* ObservableType+HandyJson.swift */ = {isa = PBXFileReference; fileEncoding = 4; lastKnownFileType = sourcecode.swift; path = "ObservableType+HandyJson.swift"; sourceTree = "<group>"; };
		45920A7D2A26E045005871ED /* CacheProvider+Extension.swift */ = {isa = PBXFileReference; fileEncoding = 4; lastKnownFileType = sourcecode.swift; path = "CacheProvider+Extension.swift"; sourceTree = "<group>"; };
		45920A7F2A26E045005871ED /* APIError.swift */ = {isa = PBXFileReference; fileEncoding = 4; lastKnownFileType = sourcecode.swift; path = APIError.swift; sourceTree = "<group>"; };
		45920A802A26E045005871ED /* NetworkLogPlugin.swift */ = {isa = PBXFileReference; fileEncoding = 4; lastKnownFileType = sourcecode.swift; path = NetworkLogPlugin.swift; sourceTree = "<group>"; };
		45920A812A26E045005871ED /* APIHost.swift */ = {isa = PBXFileReference; fileEncoding = 4; lastKnownFileType = sourcecode.swift; path = APIHost.swift; sourceTree = "<group>"; };
		45920A832A26E045005871ED /* EmptyDataType.swift */ = {isa = PBXFileReference; fileEncoding = 4; lastKnownFileType = sourcecode.swift; path = EmptyDataType.swift; sourceTree = "<group>"; };
		45920A842A26E045005871ED /* DataParseErrorType.swift */ = {isa = PBXFileReference; fileEncoding = 4; lastKnownFileType = sourcecode.swift; path = DataParseErrorType.swift; sourceTree = "<group>"; };
		45920A862A26E045005871ED /* MainApi.swift */ = {isa = PBXFileReference; fileEncoding = 4; lastKnownFileType = sourcecode.swift; path = MainApi.swift; sourceTree = "<group>"; };
		45920A892A26E045005871ED /* HomeController.swift */ = {isa = PBXFileReference; fileEncoding = 4; lastKnownFileType = sourcecode.swift; path = HomeController.swift; sourceTree = "<group>"; };
		45920A8C2A26E045005871ED /* Exported.swift */ = {isa = PBXFileReference; fileEncoding = 4; lastKnownFileType = sourcecode.swift; path = Exported.swift; sourceTree = "<group>"; };
		45920A8D2A26E045005871ED /* Macro.swift */ = {isa = PBXFileReference; fileEncoding = 4; lastKnownFileType = sourcecode.swift; path = Macro.swift; sourceTree = "<group>"; };
		45920A8E2A26E045005871ED /* PKError.swift */ = {isa = PBXFileReference; fileEncoding = 4; lastKnownFileType = sourcecode.swift; path = PKError.swift; sourceTree = "<group>"; };
		45920A8F2A26E045005871ED /* Device.swift */ = {isa = PBXFileReference; fileEncoding = 4; lastKnownFileType = sourcecode.swift; path = Device.swift; sourceTree = "<group>"; };
		45920A902A26E045005871ED /* AppKey.swift */ = {isa = PBXFileReference; fileEncoding = 4; lastKnownFileType = sourcecode.swift; path = AppKey.swift; sourceTree = "<group>"; };
		45920A942A26E045005871ED /* NotifictionCenter+Name.swift */ = {isa = PBXFileReference; fileEncoding = 4; lastKnownFileType = sourcecode.swift; path = "NotifictionCenter+Name.swift"; sourceTree = "<group>"; };
		45920A962A26E045005871ED /* NSObject+Extension.swift */ = {isa = PBXFileReference; fileEncoding = 4; lastKnownFileType = sourcecode.swift; path = "NSObject+Extension.swift"; sourceTree = "<group>"; };
		45920A9A2A26E045005871ED /* Permission+Extension.swift */ = {isa = PBXFileReference; fileEncoding = 4; lastKnownFileType = sourcecode.swift; path = "Permission+Extension.swift"; sourceTree = "<group>"; };
		45920AA02A26E045005871ED /* Toast.swift */ = {isa = PBXFileReference; fileEncoding = 4; lastKnownFileType = sourcecode.swift; path = Toast.swift; sourceTree = "<group>"; };
		45920AA22A26E045005871ED /* RefreshAnimationFooter.swift */ = {isa = PBXFileReference; fileEncoding = 4; lastKnownFileType = sourcecode.swift; path = RefreshAnimationFooter.swift; sourceTree = "<group>"; };
		45920AA32A26E045005871ED /* RefreshAnimationHeader.swift */ = {isa = PBXFileReference; fileEncoding = 4; lastKnownFileType = sourcecode.swift; path = RefreshAnimationHeader.swift; sourceTree = "<group>"; };
		45920AA52A26E045005871ED /* LoaddingButton.swift */ = {isa = PBXFileReference; fileEncoding = 4; lastKnownFileType = sourcecode.swift; path = LoaddingButton.swift; sourceTree = "<group>"; };
		45920AA62A26E045005871ED /* CountDownButton.swift */ = {isa = PBXFileReference; fileEncoding = 4; lastKnownFileType = sourcecode.swift; path = CountDownButton.swift; sourceTree = "<group>"; };
		45920AA82A26E045005871ED /* ZoomImageScrollView.swift */ = {isa = PBXFileReference; fileEncoding = 4; lastKnownFileType = sourcecode.swift; path = ZoomImageScrollView.swift; sourceTree = "<group>"; };
		45920AAA2A26E045005871ED /* WebBrowser+MessageHandler.swift */ = {isa = PBXFileReference; fileEncoding = 4; lastKnownFileType = sourcecode.swift; path = "WebBrowser+MessageHandler.swift"; sourceTree = "<group>"; };
		45920AAB2A26E045005871ED /* WebBrowserController.swift */ = {isa = PBXFileReference; fileEncoding = 4; lastKnownFileType = sourcecode.swift; path = WebBrowserController.swift; sourceTree = "<group>"; };
		45920AAC2A26E045005871ED /* WebView.swift */ = {isa = PBXFileReference; fileEncoding = 4; lastKnownFileType = sourcecode.swift; path = WebView.swift; sourceTree = "<group>"; };
		45920AAD2A26E045005871ED /* ScriptMessage.swift */ = {isa = PBXFileReference; fileEncoding = 4; lastKnownFileType = sourcecode.swift; path = ScriptMessage.swift; sourceTree = "<group>"; };
		45920AAF2A26E045005871ED /* YBTapLabel.swift */ = {isa = PBXFileReference; fileEncoding = 4; lastKnownFileType = sourcecode.swift; path = YBTapLabel.swift; sourceTree = "<group>"; };
		45920AB22A26E045005871ED /* TapticEngine.swift */ = {isa = PBXFileReference; fileEncoding = 4; lastKnownFileType = sourcecode.swift; path = TapticEngine.swift; sourceTree = "<group>"; };
		45920AB42A26E045005871ED /* DefaultsExtension.swift */ = {isa = PBXFileReference; fileEncoding = 4; lastKnownFileType = sourcecode.swift; path = DefaultsExtension.swift; sourceTree = "<group>"; };
		45920AB52A26E045005871ED /* Defaults.swift */ = {isa = PBXFileReference; fileEncoding = 4; lastKnownFileType = sourcecode.swift; path = Defaults.swift; sourceTree = "<group>"; };
		45920AB62A26E045005871ED /* Haptico.swift */ = {isa = PBXFileReference; fileEncoding = 4; lastKnownFileType = sourcecode.swift; path = Haptico.swift; sourceTree = "<group>"; };
		45920AB82A26E045005871ED /* Assets.xcassets */ = {isa = PBXFileReference; lastKnownFileType = folder.assetcatalog; path = Assets.xcassets; sourceTree = "<group>"; };
		45920ABA2A26E045005871ED /* Base */ = {isa = PBXFileReference; lastKnownFileType = file.storyboard; name = Base; path = Base.lproj/LaunchScreen.storyboard; sourceTree = "<group>"; };
		45920ABD2A26E045005871ED /* AppDelegate.swift */ = {isa = PBXFileReference; fileEncoding = 4; lastKnownFileType = sourcecode.swift; path = AppDelegate.swift; sourceTree = "<group>"; };
		45920ABE2A26E045005871ED /* Info.plist */ = {isa = PBXFileReference; fileEncoding = 4; lastKnownFileType = text.plist.xml; path = Info.plist; sourceTree = "<group>"; };
		45920AC12A26E045005871ED /* BaseViewController+Extension.swift */ = {isa = PBXFileReference; fileEncoding = 4; lastKnownFileType = sourcecode.swift; path = "BaseViewController+Extension.swift"; sourceTree = "<group>"; };
		45920AC22A26E045005871ED /* BaseViewController.swift */ = {isa = PBXFileReference; fileEncoding = 4; lastKnownFileType = sourcecode.swift; path = BaseViewController.swift; sourceTree = "<group>"; };
		45920AC32A26E045005871ED /* BaseTableController.swift */ = {isa = PBXFileReference; fileEncoding = 4; lastKnownFileType = sourcecode.swift; path = BaseTableController.swift; sourceTree = "<group>"; };
		45920AC42A26E045005871ED /* BaseNavigationController.swift */ = {isa = PBXFileReference; fileEncoding = 4; lastKnownFileType = sourcecode.swift; path = BaseNavigationController.swift; sourceTree = "<group>"; };
		45920AC52A26E045005871ED /* BaseCollectionController.swift */ = {isa = PBXFileReference; fileEncoding = 4; lastKnownFileType = sourcecode.swift; path = BaseCollectionController.swift; sourceTree = "<group>"; };
		45920AC72A26E045005871ED /* BaseModel.swift */ = {isa = PBXFileReference; fileEncoding = 4; lastKnownFileType = sourcecode.swift; path = BaseModel.swift; sourceTree = "<group>"; };
		45920AC82A26E045005871ED /* DataLoadable.swift */ = {isa = PBXFileReference; fileEncoding = 4; lastKnownFileType = sourcecode.swift; path = DataLoadable.swift; sourceTree = "<group>"; };
		45920B272A2DB242005871ED /* zh-Hans */ = {isa = PBXFileReference; lastKnownFileType = text.plist.strings; name = "zh-Hans"; path = "zh-Hans.lproj/LaunchScreen.strings"; sourceTree = "<group>"; };
		45920B2E2A2DB3A2005871ED /* en */ = {isa = PBXFileReference; lastKnownFileType = text.plist.strings; name = en; path = en.lproj/InfoPlist.strings; sourceTree = "<group>"; };
		45920B302A2DB3E9005871ED /* zh-Hans */ = {isa = PBXFileReference; lastKnownFileType = text.plist.strings; name = "zh-Hans"; path = "zh-Hans.lproj/InfoPlist.strings"; sourceTree = "<group>"; };
		45920B342A2DB43D005871ED /* en */ = {isa = PBXFileReference; lastKnownFileType = text.plist.strings; name = en; path = en.lproj/Localizable.strings; sourceTree = "<group>"; };
		45920B362A2DB43E005871ED /* zh-Hans */ = {isa = PBXFileReference; lastKnownFileType = text.plist.strings; name = "zh-Hans"; path = "zh-Hans.lproj/Localizable.strings"; sourceTree = "<group>"; };
		459C06582A36B9150066F85A /* ProfileInterestsItemsCell.swift */ = {isa = PBXFileReference; lastKnownFileType = sourcecode.swift; path = ProfileInterestsItemsCell.swift; sourceTree = "<group>"; };
		459C065A2A36BBED0066F85A /* ProfileEducationItemCell.swift */ = {isa = PBXFileReference; lastKnownFileType = sourcecode.swift; path = ProfileEducationItemCell.swift; sourceTree = "<group>"; };
		459C065C2A36C0540066F85A /* ProfileSkillsItemCell.swift */ = {isa = PBXFileReference; lastKnownFileType = sourcecode.swift; path = ProfileSkillsItemCell.swift; sourceTree = "<group>"; };
		459C06602A36F03E0066F85A /* NameCardView.swift */ = {isa = PBXFileReference; lastKnownFileType = sourcecode.swift; path = NameCardView.swift; sourceTree = "<group>"; };
		459C06622A36F1370066F85A /* NameCardQRCodeView.xib */ = {isa = PBXFileReference; lastKnownFileType = file.xib; path = NameCardQRCodeView.xib; sourceTree = "<group>"; };
		459C06642A36F59C0066F85A /* NameCardQRCodeView.swift */ = {isa = PBXFileReference; lastKnownFileType = sourcecode.swift; path = NameCardQRCodeView.swift; sourceTree = "<group>"; };
		459C06662A36F7220066F85A /* NameCardContentView.swift */ = {isa = PBXFileReference; lastKnownFileType = sourcecode.swift; path = NameCardContentView.swift; sourceTree = "<group>"; };
		459C06682A36F73F0066F85A /* NameCardContentView.xib */ = {isa = PBXFileReference; lastKnownFileType = file.xib; path = NameCardContentView.xib; sourceTree = "<group>"; };
		459C066A2A3700D70066F85A /* NameCardEditView.swift */ = {isa = PBXFileReference; lastKnownFileType = sourcecode.swift; path = NameCardEditView.swift; sourceTree = "<group>"; };
		459C066C2A3700DF0066F85A /* NameCardEditView.xib */ = {isa = PBXFileReference; lastKnownFileType = file.xib; path = NameCardEditView.xib; sourceTree = "<group>"; };
		45A10A482A31B02500726B66 /* ProfileHeaderView.swift */ = {isa = PBXFileReference; lastKnownFileType = sourcecode.swift; path = ProfileHeaderView.swift; sourceTree = "<group>"; };
		45A10A4A2A31B03F00726B66 /* ProfileHeaderView.xib */ = {isa = PBXFileReference; lastKnownFileType = file.xib; path = ProfileHeaderView.xib; sourceTree = "<group>"; };
		45ADB28E2A3FF00E00745F6F /* UserApi.swift */ = {isa = PBXFileReference; lastKnownFileType = sourcecode.swift; path = UserApi.swift; sourceTree = "<group>"; };
		45ADB2902A3FF0AD00745F6F /* UserService.swift */ = {isa = PBXFileReference; lastKnownFileType = sourcecode.swift; path = UserService.swift; sourceTree = "<group>"; };
		45ADB2922A3FF72D00745F6F /* CalendarAddEventController.swift */ = {isa = PBXFileReference; lastKnownFileType = sourcecode.swift; path = CalendarAddEventController.swift; sourceTree = "<group>"; };
		45ADB2942A3FFCEC00745F6F /* CalendarAddEventView.swift */ = {isa = PBXFileReference; lastKnownFileType = sourcecode.swift; path = CalendarAddEventView.swift; sourceTree = "<group>"; };
		45ADB2962A3FFCF800745F6F /* CalendarAddEventView.xib */ = {isa = PBXFileReference; lastKnownFileType = file.xib; path = CalendarAddEventView.xib; sourceTree = "<group>"; };
		45ADB2982A4038E800745F6F /* ConnectionOfMyController.swift */ = {isa = PBXFileReference; lastKnownFileType = sourcecode.swift; path = ConnectionOfMyController.swift; sourceTree = "<group>"; };
		45ADB29A2A40390100745F6F /* ConnectionOfMyCell.swift */ = {isa = PBXFileReference; lastKnownFileType = sourcecode.swift; path = ConnectionOfMyCell.swift; sourceTree = "<group>"; };
		45ADB29B2A40390100745F6F /* ConnectionOfMyCell.xib */ = {isa = PBXFileReference; lastKnownFileType = file.xib; path = ConnectionOfMyCell.xib; sourceTree = "<group>"; };
		45BBF5252A48328D0018992C /* MessageController.swift */ = {isa = PBXFileReference; lastKnownFileType = sourcecode.swift; path = MessageController.swift; sourceTree = "<group>"; };
		45BBF5272A4832EC0018992C /* ScheduleApi.swift */ = {isa = PBXFileReference; lastKnownFileType = sourcecode.swift; path = ScheduleApi.swift; sourceTree = "<group>"; };
		45BBF5292A4833B00018992C /* AddEventRequestModel.swift */ = {isa = PBXFileReference; lastKnownFileType = sourcecode.swift; path = AddEventRequestModel.swift; sourceTree = "<group>"; };
		45BBF52B2A4835440018992C /* ScheduleService.swift */ = {isa = PBXFileReference; lastKnownFileType = sourcecode.swift; path = ScheduleService.swift; sourceTree = "<group>"; };
		45D4D9B12A3C2B2200D7ED04 /* ConnectionItemCell.swift */ = {isa = PBXFileReference; lastKnownFileType = sourcecode.swift; path = ConnectionItemCell.swift; sourceTree = "<group>"; };
		45D4D9B52A3C2B7B00D7ED04 /* ConnectionItemCell.xib */ = {isa = PBXFileReference; fileEncoding = 4; lastKnownFileType = file.xib; path = ConnectionItemCell.xib; sourceTree = "<group>"; };
		45D4D9B72A3C3FB400D7ED04 /* ConnectionRecommendController.swift */ = {isa = PBXFileReference; lastKnownFileType = sourcecode.swift; path = ConnectionRecommendController.swift; sourceTree = "<group>"; };
		45E765B12A31A97F00BF6EEC /* ProfileController.swift */ = {isa = PBXFileReference; lastKnownFileType = sourcecode.swift; path = ProfileController.swift; sourceTree = "<group>"; };
		45E765B42A31A99400BF6EEC /* SettingController.swift */ = {isa = PBXFileReference; lastKnownFileType = sourcecode.swift; path = SettingController.swift; sourceTree = "<group>"; };
		45E765B72A31A9EE00BF6EEC /* ConnectionController.swift */ = {isa = PBXFileReference; lastKnownFileType = sourcecode.swift; path = ConnectionController.swift; sourceTree = "<group>"; };
		45E765BA2A31A9FD00BF6EEC /* JobController.swift */ = {isa = PBXFileReference; lastKnownFileType = sourcecode.swift; path = JobController.swift; sourceTree = "<group>"; };
		45E765BD2A31ABA200BF6EEC /* MainController.swift */ = {isa = PBXFileReference; lastKnownFileType = sourcecode.swift; path = MainController.swift; sourceTree = "<group>"; };
		45E85B102A398EBA00B820CD /* CityModel.swift */ = {isa = PBXFileReference; lastKnownFileType = sourcecode.swift; path = CityModel.swift; sourceTree = "<group>"; };
		45E85B122A3AB4FA00B820CD /* TokenModel.swift */ = {isa = PBXFileReference; lastKnownFileType = sourcecode.swift; path = TokenModel.swift; sourceTree = "<group>"; };
		45E85B182A3AE23500B820CD /* CalendarController.swift */ = {isa = PBXFileReference; lastKnownFileType = sourcecode.swift; path = CalendarController.swift; sourceTree = "<group>"; };
		45E85B1A2A3AE25B00B820CD /* CalendarView.swift */ = {isa = PBXFileReference; lastKnownFileType = sourcecode.swift; path = CalendarView.swift; sourceTree = "<group>"; };
		45E85B1C2A3AE26500B820CD /* CalendarView.xib */ = {isa = PBXFileReference; lastKnownFileType = file.xib; path = CalendarView.xib; sourceTree = "<group>"; };
		45E85B1E2A3AE3E800B820CD /* CalendarHeaderView.swift */ = {isa = PBXFileReference; lastKnownFileType = sourcecode.swift; path = CalendarHeaderView.swift; sourceTree = "<group>"; };
		45E85B202A3AFC4800B820CD /* CalendarSectionView.swift */ = {isa = PBXFileReference; lastKnownFileType = sourcecode.swift; path = CalendarSectionView.swift; sourceTree = "<group>"; };
		45E85B222A3AFFC100B820CD /* CalendarSectionView.xib */ = {isa = PBXFileReference; lastKnownFileType = file.xib; path = CalendarSectionView.xib; sourceTree = "<group>"; };
		45E85B242A3B0A4200B820CD /* CaledarItemCell.swift */ = {isa = PBXFileReference; lastKnownFileType = sourcecode.swift; path = CaledarItemCell.swift; sourceTree = "<group>"; };
		45E85B252A3B0A4200B820CD /* CaledarItemCell.xib */ = {isa = PBXFileReference; lastKnownFileType = file.xib; path = CaledarItemCell.xib; sourceTree = "<group>"; };
		5AEE29EE5807D6553F4C94D9 /* Pods_Wecyn.framework */ = {isa = PBXFileReference; explicitFileType = wrapper.framework; includeInIndex = 0; path = Pods_Wecyn.framework; sourceTree = BUILT_PRODUCTS_DIR; };
		85753C0B8E9CA6B5BCF3B27A /* Pods-Wecyn.release.xcconfig */ = {isa = PBXFileReference; includeInIndex = 1; lastKnownFileType = text.xcconfig; name = "Pods-Wecyn.release.xcconfig"; path = "Target Support Files/Pods-Wecyn/Pods-Wecyn.release.xcconfig"; sourceTree = "<group>"; };
		F6737696186A89881164CB5A /* Pods-Wecyn.debug.xcconfig */ = {isa = PBXFileReference; includeInIndex = 1; lastKnownFileType = text.xcconfig; name = "Pods-Wecyn.debug.xcconfig"; path = "Target Support Files/Pods-Wecyn/Pods-Wecyn.debug.xcconfig"; sourceTree = "<group>"; };
/* End PBXFileReference section */

/* Begin PBXFrameworksBuildPhase section */
		459209C92A26D5F4005871ED /* Frameworks */ = {
			isa = PBXFrameworksBuildPhase;
			buildActionMask = 2147483647;
			files = (
				C6310719968D783250580AAC /* Pods_Wecyn.framework in Frameworks */,
			);
			runOnlyForDeploymentPostprocessing = 0;
		};
/* End PBXFrameworksBuildPhase section */

/* Begin PBXGroup section */
		450B6C812A37FF7E008B0C4A /* Controller */ = {
			isa = PBXGroup;
			children = (
				45E765BA2A31A9FD00BF6EEC /* JobController.swift */,
				450B6C872A380CC9008B0C4A /* JobSavedController.swift */,
			);
			path = Controller;
			sourceTree = "<group>";
		};
		450B6C822A37FF85008B0C4A /* View */ = {
			isa = PBXGroup;
			children = (
				450B6C832A37FFAB008B0C4A /* JobItemCell.swift */,
				450B6C842A37FFAB008B0C4A /* JobItemCell.xib */,
			);
			path = View;
			sourceTree = "<group>";
		};
		450B6C892A383A43008B0C4A /* Controller */ = {
			isa = PBXGroup;
			children = (
			);
			path = Controller;
			sourceTree = "<group>";
		};
		450B6C8A2A383A47008B0C4A /* View */ = {
			isa = PBXGroup;
			children = (
				450B6C8B2A383D24008B0C4A /* HomeHeaderView.swift */,
				450B6C8D2A383D8F008B0C4A /* HomeHeaderView.xib */,
				457C50892A38438800FCE8D0 /* HomeHeaderJobItemCell.swift */,
				457C508A2A38438800FCE8D0 /* HomeHeaderJobItemCell.xib */,
				457C508D2A384B5F00FCE8D0 /* HomeItemCell.swift */,
				457C508E2A384B5F00FCE8D0 /* HomeItemCell.xib */,
			);
			path = View;
			sourceTree = "<group>";
		};
		450BA6C02A32B8D000764828 /* Login */ = {
			isa = PBXGroup;
			children = (
				457C509B2A38646900FCE8D0 /* Model */,
				450BA6C52A32B9AE00764828 /* View */,
				450BA6C42A32B9AA00764828 /* Controller */,
			);
			path = Login;
			sourceTree = "<group>";
		};
		450BA6C42A32B9AA00764828 /* Controller */ = {
			isa = PBXGroup;
			children = (
				450BA6C62A32B9BD00764828 /* LoginController.swift */,
				450BA6D42A32F05B00764828 /* RegistInfoController.swift */,
				450BA6E02A3312D500764828 /* RegistConfirmController.swift */,
				450BA6E62A36A96800764828 /* RegistAddAvatarController.swift */,
				450BA6DA2A330A2300764828 /* RegistProfileController.swift */,
				457C509E2A3949E400FCE8D0 /* CountryListController.swift */,
			);
			path = Controller;
			sourceTree = "<group>";
		};
		450BA6C52A32B9AE00764828 /* View */ = {
			isa = PBXGroup;
			children = (
				450BA6C82A32B9C700764828 /* LoginView.swift */,
				450BA6CA2A32B9D800764828 /* LoginView.xib */,
				450BA6D62A32F06B00764828 /* RegistInfoView.swift */,
				450BA6D82A32F07600764828 /* RegistInfoView.xib */,
				450BA6DC2A330A3500764828 /* RegistProfileView.swift */,
				450BA6DE2A330B8400764828 /* RegistProfileView.xib */,
				450BA6E42A33130B00764828 /* RegistConfirmView.swift */,
				450BA6E22A3312EB00764828 /* RegistConfirmView.xib */,
				450BA6E82A36A97700764828 /* RegistAddAvatarView.swift */,
				450BA6EA2A36A98F00764828 /* RegistAddAvatarView.xib */,
			);
			path = View;
			sourceTree = "<group>";
		};
		453653382A41369D0026EC8D /* Model */ = {
			isa = PBXGroup;
			children = (
				453653392A4136BA0026EC8D /* UserInfoModel.swift */,
			);
			path = Model;
			sourceTree = "<group>";
		};
		457C50912A38576200FCE8D0 /* Service */ = {
			isa = PBXGroup;
			children = (
				457C50992A38598100FCE8D0 /* AuthService.swift */,
				45ADB2902A3FF0AD00745F6F /* UserService.swift */,
				4536533D2A413F270026EC8D /* FriendService.swift */,
				45BBF52B2A4835440018992C /* ScheduleService.swift */,
			);
			path = Service;
			sourceTree = "<group>";
		};
		457C50942A38581200FCE8D0 /* RequestModel */ = {
			isa = PBXGroup;
			children = (
				457C50952A38582A00FCE8D0 /* RegistRequestModel.swift */,
				45BBF5292A4833B00018992C /* AddEventRequestModel.swift */,
				457C7D962A52644D002E50DF /* AddAssitantsRequestModel.swift */,
				45005C4B2A52AF4500560E21 /* EventListRequestModel.swift */,
			);
			path = RequestModel;
			sourceTree = "<group>";
		};
		457C509B2A38646900FCE8D0 /* Model */ = {
			isa = PBXGroup;
			children = (
				457C509C2A38648300FCE8D0 /* CountryModel.swift */,
				45E85B102A398EBA00B820CD /* CityModel.swift */,
				45E85B122A3AB4FA00B820CD /* TokenModel.swift */,
			);
			path = Model;
			sourceTree = "<group>";
		};
		457C7D8E2A4D69F8002E50DF /* UIComponents */ = {
			isa = PBXGroup;
			children = (
				457C7D8F2A4D6A0B002E50DF /* DatePicker */,
			);
			path = UIComponents;
			sourceTree = "<group>";
		};
		457C7D8F2A4D6A0B002E50DF /* DatePicker */ = {
			isa = PBXGroup;
			children = (
				457C7D912A4D6A47002E50DF /* DatePickerView.swift */,
			);
			path = DatePicker;
			sourceTree = "<group>";
		};
		459209C32A26D5F4005871ED = {
			isa = PBXGroup;
			children = (
				459209CE2A26D5F4005871ED /* Wecyn */,
				459209CD2A26D5F4005871ED /* Products */,
				58E99C64972A237AA00869D0 /* Pods */,
				E5E07ACF7CCE3FCFA3B7A7F5 /* Frameworks */,
			);
			sourceTree = "<group>";
		};
		459209CD2A26D5F4005871ED /* Products */ = {
			isa = PBXGroup;
			children = (
				459209CC2A26D5F4005871ED /* Wecyn.app */,
			);
			name = Products;
			sourceTree = "<group>";
		};
		459209CE2A26D5F4005871ED /* Wecyn */ = {
			isa = PBXGroup;
			children = (
				45920ABF2A26E045005871ED /* Base */,
				45920A872A26E045005871ED /* Modules */,
				45920A792A26E045005871ED /* Network */,
				45920AB72A26E045005871ED /* SupportFile */,
				45920A8A2A26E045005871ED /* Utility */,
			);
			path = Wecyn;
			sourceTree = "<group>";
		};
		45920A792A26E045005871ED /* Network */ = {
			isa = PBXGroup;
			children = (
				457C50942A38581200FCE8D0 /* RequestModel */,
				45920A7A2A26E045005871ED /* Extension */,
				45920A7E2A26E045005871ED /* Util */,
				457C50912A38576200FCE8D0 /* Service */,
				45920A852A26E045005871ED /* Api */,
			);
			path = Network;
			sourceTree = "<group>";
		};
		45920A7A2A26E045005871ED /* Extension */ = {
			isa = PBXGroup;
			children = (
				45920A7B2A26E045005871ED /* Cacheable+Extension.swift */,
				45920A7C2A26E045005871ED /* ObservableType+HandyJson.swift */,
				45920A7D2A26E045005871ED /* CacheProvider+Extension.swift */,
			);
			path = Extension;
			sourceTree = "<group>";
		};
		45920A7E2A26E045005871ED /* Util */ = {
			isa = PBXGroup;
			children = (
				45920A7F2A26E045005871ED /* APIError.swift */,
				45920A802A26E045005871ED /* NetworkLogPlugin.swift */,
				45920A812A26E045005871ED /* APIHost.swift */,
				45920A832A26E045005871ED /* EmptyDataType.swift */,
				45920A842A26E045005871ED /* DataParseErrorType.swift */,
			);
			path = Util;
			sourceTree = "<group>";
		};
		45920A852A26E045005871ED /* Api */ = {
			isa = PBXGroup;
			children = (
				45920A862A26E045005871ED /* MainApi.swift */,
				457C50972A38589200FCE8D0 /* AuthApi.swift */,
				45ADB28E2A3FF00E00745F6F /* UserApi.swift */,
				4536533B2A413DF70026EC8D /* FriendApi.swift */,
				45BBF5272A4832EC0018992C /* ScheduleApi.swift */,
			);
			path = Api;
			sourceTree = "<group>";
		};
		45920A872A26E045005871ED /* Modules */ = {
			isa = PBXGroup;
			children = (
				457C7D8E2A4D69F8002E50DF /* UIComponents */,
				45BBF5222A4832590018992C /* Message */,
				45E85B152A3AE1ED00B820CD /* Calendar */,
				450BA6C02A32B8D000764828 /* Login */,
				45E765BC2A31AB1B00BF6EEC /* Main */,
				45E765B92A31A9F000BF6EEC /* Job */,
				45E765B62A31A9DC00BF6EEC /* Connection */,
				45E765B32A31A98600BF6EEC /* Setting */,
				45E765B02A31A94D00BF6EEC /* Profile */,
				45920A882A26E045005871ED /* Home */,
			);
			path = Modules;
			sourceTree = "<group>";
		};
		45920A882A26E045005871ED /* Home */ = {
			isa = PBXGroup;
			children = (
				450B6C8A2A383A47008B0C4A /* View */,
				450B6C892A383A43008B0C4A /* Controller */,
				45920A892A26E045005871ED /* HomeController.swift */,
			);
			path = Home;
			sourceTree = "<group>";
		};
		45920A8A2A26E045005871ED /* Utility */ = {
			isa = PBXGroup;
			children = (
				450B6C7D2A371733008B0C4A /* Operators.swift */,
				45920A8B2A26E045005871ED /* Contants */,
				45920A912A26E045005871ED /* Extension */,
				45920A9E2A26E045005871ED /* UIComponent */,
				45920AB02A26E045005871ED /* Tool */,
			);
			path = Utility;
			sourceTree = "<group>";
		};
		45920A8B2A26E045005871ED /* Contants */ = {
			isa = PBXGroup;
			children = (
				45920A8C2A26E045005871ED /* Exported.swift */,
				45920A8D2A26E045005871ED /* Macro.swift */,
				45920A8E2A26E045005871ED /* PKError.swift */,
				45920A8F2A26E045005871ED /* Device.swift */,
				45920A902A26E045005871ED /* AppKey.swift */,
				450BA6B52A31B9B000764828 /* Localizer.swift */,
			);
			path = Contants;
			sourceTree = "<group>";
		};
		45920A912A26E045005871ED /* Extension */ = {
			isa = PBXGroup;
			children = (
				45920AC12A26E045005871ED /* BaseViewController+Extension.swift */,
				45920A942A26E045005871ED /* NotifictionCenter+Name.swift */,
				45920A962A26E045005871ED /* NSObject+Extension.swift */,
				45920A9A2A26E045005871ED /* Permission+Extension.swift */,
				450BA6BE2A32B4B700764828 /* UIViewExtension.swift */,
			);
			path = Extension;
			sourceTree = "<group>";
		};
		45920A9E2A26E045005871ED /* UIComponent */ = {
			isa = PBXGroup;
			children = (
				45920A9F2A26E045005871ED /* Toast */,
				45920AA12A26E045005871ED /* AnimationRefresh */,
				45920AA42A26E045005871ED /* LoaddingButton */,
				45920AA72A26E045005871ED /* ZoomImageScrollView */,
				45920AA92A26E045005871ED /* WebBrowser */,
				45920AAE2A26E045005871ED /* TapLabel */,
			);
			path = UIComponent;
			sourceTree = "<group>";
		};
		45920A9F2A26E045005871ED /* Toast */ = {
			isa = PBXGroup;
			children = (
				45920AA02A26E045005871ED /* Toast.swift */,
			);
			path = Toast;
			sourceTree = "<group>";
		};
		45920AA12A26E045005871ED /* AnimationRefresh */ = {
			isa = PBXGroup;
			children = (
				45920AA22A26E045005871ED /* RefreshAnimationFooter.swift */,
				45920AA32A26E045005871ED /* RefreshAnimationHeader.swift */,
			);
			path = AnimationRefresh;
			sourceTree = "<group>";
		};
		45920AA42A26E045005871ED /* LoaddingButton */ = {
			isa = PBXGroup;
			children = (
				45920AA52A26E045005871ED /* LoaddingButton.swift */,
				45920AA62A26E045005871ED /* CountDownButton.swift */,
			);
			path = LoaddingButton;
			sourceTree = "<group>";
		};
		45920AA72A26E045005871ED /* ZoomImageScrollView */ = {
			isa = PBXGroup;
			children = (
				45920AA82A26E045005871ED /* ZoomImageScrollView.swift */,
			);
			path = ZoomImageScrollView;
			sourceTree = "<group>";
		};
		45920AA92A26E045005871ED /* WebBrowser */ = {
			isa = PBXGroup;
			children = (
				45920AAA2A26E045005871ED /* WebBrowser+MessageHandler.swift */,
				45920AAB2A26E045005871ED /* WebBrowserController.swift */,
				45920AAC2A26E045005871ED /* WebView.swift */,
				45920AAD2A26E045005871ED /* ScriptMessage.swift */,
			);
			path = WebBrowser;
			sourceTree = "<group>";
		};
		45920AAE2A26E045005871ED /* TapLabel */ = {
			isa = PBXGroup;
			children = (
				45920AAF2A26E045005871ED /* YBTapLabel.swift */,
			);
			path = TapLabel;
			sourceTree = "<group>";
		};
		45920AB02A26E045005871ED /* Tool */ = {
			isa = PBXGroup;
			children = (
				45920AB12A26E045005871ED /* TapticEngine */,
				45920AB32A26E045005871ED /* Defaults */,
				45920AB62A26E045005871ED /* Haptico.swift */,
				450BA6CE2A32C62D00764828 /* SwiftFitSize.swift */,
			);
			path = Tool;
			sourceTree = "<group>";
		};
		45920AB12A26E045005871ED /* TapticEngine */ = {
			isa = PBXGroup;
			children = (
				45920AB22A26E045005871ED /* TapticEngine.swift */,
			);
			path = TapticEngine;
			sourceTree = "<group>";
		};
		45920AB32A26E045005871ED /* Defaults */ = {
			isa = PBXGroup;
			children = (
				45920AB42A26E045005871ED /* DefaultsExtension.swift */,
				45920AB52A26E045005871ED /* Defaults.swift */,
			);
			path = Defaults;
			sourceTree = "<group>";
		};
		45920AB72A26E045005871ED /* SupportFile */ = {
			isa = PBXGroup;
			children = (
				450BA6BC2A31CDAB00764828 /* R.generated.swift */,
				45920AB82A26E045005871ED /* Assets.xcassets */,
				45920AB92A26E045005871ED /* LaunchScreen.storyboard */,
				45920ABD2A26E045005871ED /* AppDelegate.swift */,
				45920ABE2A26E045005871ED /* Info.plist */,
				45920B2F2A2DB3A2005871ED /* InfoPlist.strings */,
				45920B352A2DB43D005871ED /* Localizable.strings */,
			);
			path = SupportFile;
			sourceTree = "<group>";
		};
		45920ABF2A26E045005871ED /* Base */ = {
			isa = PBXGroup;
			children = (
				45920AC02A26E045005871ED /* Controller */,
				45920AC62A26E045005871ED /* Model */,
			);
			path = Base;
			sourceTree = "<group>";
		};
		45920AC02A26E045005871ED /* Controller */ = {
			isa = PBXGroup;
			children = (
				45920AC22A26E045005871ED /* BaseViewController.swift */,
				45920AC32A26E045005871ED /* BaseTableController.swift */,
				45920AC42A26E045005871ED /* BaseNavigationController.swift */,
				45920AC52A26E045005871ED /* BaseCollectionController.swift */,
			);
			path = Controller;
			sourceTree = "<group>";
		};
		45920AC62A26E045005871ED /* Model */ = {
			isa = PBXGroup;
			children = (
				45920AC72A26E045005871ED /* BaseModel.swift */,
				45920AC82A26E045005871ED /* DataLoadable.swift */,
			);
			path = Model;
			sourceTree = "<group>";
		};
		45A10A462A31B00F00726B66 /* Controller */ = {
			isa = PBXGroup;
			children = (
				45E765B12A31A97F00BF6EEC /* ProfileController.swift */,
				450B6C7F2A37F85B008B0C4A /* EditViewController.swift */,
			);
			path = Controller;
			sourceTree = "<group>";
		};
		45A10A472A31B01500726B66 /* View */ = {
			isa = PBXGroup;
			children = (
				45A10A482A31B02500726B66 /* ProfileHeaderView.swift */,
				45A10A4A2A31B03F00726B66 /* ProfileHeaderView.xib */,
				450BA6B72A31C6EE00764828 /* ProfileNoActivitySectionView.swift */,
				450BA6B92A31C76E00764828 /* ProfileSectionView.swift */,
				457B2AF82A36B2610098013A /* ProfileExperienceItemCell.swift */,
				459C06582A36B9150066F85A /* ProfileInterestsItemsCell.swift */,
				459C065A2A36BBED0066F85A /* ProfileEducationItemCell.swift */,
				459C065C2A36C0540066F85A /* ProfileSkillsItemCell.swift */,
				459C06602A36F03E0066F85A /* NameCardView.swift */,
				459C06642A36F59C0066F85A /* NameCardQRCodeView.swift */,
				459C06622A36F1370066F85A /* NameCardQRCodeView.xib */,
				459C06662A36F7220066F85A /* NameCardContentView.swift */,
				459C06682A36F73F0066F85A /* NameCardContentView.xib */,
				459C066A2A3700D70066F85A /* NameCardEditView.swift */,
				459C066C2A3700DF0066F85A /* NameCardEditView.xib */,
			);
			path = View;
			sourceTree = "<group>";
		};
		45BBF5222A4832590018992C /* Message */ = {
			isa = PBXGroup;
			children = (
				45BBF5242A4832630018992C /* View */,
				45BBF5232A48325D0018992C /* Controller */,
			);
			path = Message;
			sourceTree = "<group>";
		};
		45BBF5232A48325D0018992C /* Controller */ = {
			isa = PBXGroup;
			children = (
				45BBF5252A48328D0018992C /* MessageController.swift */,
			);
			path = Controller;
			sourceTree = "<group>";
		};
		45BBF5242A4832630018992C /* View */ = {
			isa = PBXGroup;
			children = (
			);
			path = View;
			sourceTree = "<group>";
		};
		45D4D9AF2A3C2B0000D7ED04 /* Controller */ = {
			isa = PBXGroup;
			children = (
				45E765B72A31A9EE00BF6EEC /* ConnectionController.swift */,
				45D4D9B72A3C3FB400D7ED04 /* ConnectionRecommendController.swift */,
				45ADB2982A4038E800745F6F /* ConnectionOfMyController.swift */,
				457C7D942A4E6BB1002E50DF /* FriendSearchController.swift */,
			);
			path = Controller;
			sourceTree = "<group>";
		};
		45D4D9B02A3C2B0600D7ED04 /* View */ = {
			isa = PBXGroup;
			children = (
				45D4D9B12A3C2B2200D7ED04 /* ConnectionItemCell.swift */,
				45D4D9B52A3C2B7B00D7ED04 /* ConnectionItemCell.xib */,
				45ADB29A2A40390100745F6F /* ConnectionOfMyCell.swift */,
				45ADB29B2A40390100745F6F /* ConnectionOfMyCell.xib */,
				453653412A47E8C70026EC8D /* ConnectAuditItemCell.swift */,
				453653422A47E8C70026EC8D /* ConnectAuditItemCell.xib */,
			);
			path = View;
			sourceTree = "<group>";
		};
		45E765B02A31A94D00BF6EEC /* Profile */ = {
			isa = PBXGroup;
			children = (
				453653382A41369D0026EC8D /* Model */,
				45A10A472A31B01500726B66 /* View */,
				45A10A462A31B00F00726B66 /* Controller */,
			);
			path = Profile;
			sourceTree = "<group>";
		};
		45E765B32A31A98600BF6EEC /* Setting */ = {
			isa = PBXGroup;
			children = (
				45E765B42A31A99400BF6EEC /* SettingController.swift */,
			);
			path = Setting;
			sourceTree = "<group>";
		};
		45E765B62A31A9DC00BF6EEC /* Connection */ = {
			isa = PBXGroup;
			children = (
				45D4D9B02A3C2B0600D7ED04 /* View */,
				45D4D9AF2A3C2B0000D7ED04 /* Controller */,
			);
			path = Connection;
			sourceTree = "<group>";
		};
		45E765B92A31A9F000BF6EEC /* Job */ = {
			isa = PBXGroup;
			children = (
				450B6C822A37FF85008B0C4A /* View */,
				450B6C812A37FF7E008B0C4A /* Controller */,
			);
			path = Job;
			sourceTree = "<group>";
		};
		45E765BC2A31AB1B00BF6EEC /* Main */ = {
			isa = PBXGroup;
			children = (
				45E765BD2A31ABA200BF6EEC /* MainController.swift */,
			);
			path = Main;
			sourceTree = "<group>";
		};
		45E85B152A3AE1ED00B820CD /* Calendar */ = {
			isa = PBXGroup;
			children = (
				45E85B172A3AE1F800B820CD /* View */,
				45E85B162A3AE1F400B820CD /* Controller */,
			);
			path = Calendar;
			sourceTree = "<group>";
		};
		45E85B162A3AE1F400B820CD /* Controller */ = {
			isa = PBXGroup;
			children = (
				45E85B182A3AE23500B820CD /* CalendarController.swift */,
				45ADB2922A3FF72D00745F6F /* CalendarAddEventController.swift */,
				4519A4882A495A72007481A6 /* CalendarAddAttendanceController.swift */,
				4519A48E2A4AC69C007481A6 /* EventDetailController.swift */,
				457133B82A4D0E81007B783A /* EventSearchViewController.swift */,
				45005C4D2A53B67D00560E21 /* EventSetAssistantsController.swift */,
			);
			path = Controller;
			sourceTree = "<group>";
		};
		45E85B172A3AE1F800B820CD /* View */ = {
			isa = PBXGroup;
			children = (
				45E85B1A2A3AE25B00B820CD /* CalendarView.swift */,
				45E85B1C2A3AE26500B820CD /* CalendarView.xib */,
				45E85B1E2A3AE3E800B820CD /* CalendarHeaderView.swift */,
				45E85B202A3AFC4800B820CD /* CalendarSectionView.swift */,
				45E85B222A3AFFC100B820CD /* CalendarSectionView.xib */,
				45E85B242A3B0A4200B820CD /* CaledarItemCell.swift */,
				45E85B252A3B0A4200B820CD /* CaledarItemCell.xib */,
				45ADB2942A3FFCEC00745F6F /* CalendarAddEventView.swift */,
				45ADB2962A3FFCF800745F6F /* CalendarAddEventView.xib */,
				4519A48A2A4AB716007481A6 /* EventDetailView.swift */,
				4519A48C2A4AB71E007481A6 /* EventDetailView.xib */,
				457C7DCF2A52976D002E50DF /* CalendarAssistantMenu.swift */,
			);
			path = View;
			sourceTree = "<group>";
		};
		58E99C64972A237AA00869D0 /* Pods */ = {
			isa = PBXGroup;
			children = (
				F6737696186A89881164CB5A /* Pods-Wecyn.debug.xcconfig */,
				85753C0B8E9CA6B5BCF3B27A /* Pods-Wecyn.release.xcconfig */,
			);
			path = Pods;
			sourceTree = "<group>";
		};
		E5E07ACF7CCE3FCFA3B7A7F5 /* Frameworks */ = {
			isa = PBXGroup;
			children = (
				5AEE29EE5807D6553F4C94D9 /* Pods_Wecyn.framework */,
			);
			name = Frameworks;
			sourceTree = "<group>";
		};
/* End PBXGroup section */

/* Begin PBXNativeTarget section */
		459209CB2A26D5F4005871ED /* Wecyn */ = {
			isa = PBXNativeTarget;
			buildConfigurationList = 459209E02A26D5F8005871ED /* Build configuration list for PBXNativeTarget "Wecyn" */;
			buildPhases = (
				0F461698B7F1731B93DA9536 /* [CP] Check Pods Manifest.lock */,
				450BA6BB2A31CCE000764828 /* ShellScript */,
				459209C82A26D5F4005871ED /* Sources */,
				459209C92A26D5F4005871ED /* Frameworks */,
				459209CA2A26D5F4005871ED /* Resources */,
				7ADA8EE899883EEC9D8C8070 /* [CP] Embed Pods Frameworks */,
			);
			buildRules = (
			);
			dependencies = (
			);
			name = Wecyn;
			productName = Wecyn;
			productReference = 459209CC2A26D5F4005871ED /* Wecyn.app */;
			productType = "com.apple.product-type.application";
		};
/* End PBXNativeTarget section */

/* Begin PBXProject section */
		459209C42A26D5F4005871ED /* Project object */ = {
			isa = PBXProject;
			attributes = {
				BuildIndependentTargetsInParallel = 1;
				LastSwiftUpdateCheck = 1420;
				LastUpgradeCheck = 1420;
				TargetAttributes = {
					459209CB2A26D5F4005871ED = {
						CreatedOnToolsVersion = 14.2;
					};
				};
			};
			buildConfigurationList = 459209C72A26D5F4005871ED /* Build configuration list for PBXProject "Wecyn" */;
			compatibilityVersion = "Xcode 13.0";
			developmentRegion = en;
			hasScannedForEncodings = 0;
			knownRegions = (
				en,
				Base,
				"zh-Hans",
			);
			mainGroup = 459209C32A26D5F4005871ED;
			productRefGroup = 459209CD2A26D5F4005871ED /* Products */;
			projectDirPath = "";
			projectRoot = "";
			targets = (
				459209CB2A26D5F4005871ED /* Wecyn */,
			);
		};
/* End PBXProject section */

/* Begin PBXResourcesBuildPhase section */
		459209CA2A26D5F4005871ED /* Resources */ = {
			isa = PBXResourcesBuildPhase;
			buildActionMask = 2147483647;
			files = (
				450BA6DF2A330B8400764828 /* RegistProfileView.xib in Resources */,
				453653442A47E8C70026EC8D /* ConnectAuditItemCell.xib in Resources */,
				459C06692A36F73F0066F85A /* NameCardContentView.xib in Resources */,
				45920B332A2DB43D005871ED /* Localizable.strings in Resources */,
				450BA6D92A32F07600764828 /* RegistInfoView.xib in Resources */,
				450BA6EB2A36A98F00764828 /* RegistAddAvatarView.xib in Resources */,
				4519A48D2A4AB71E007481A6 /* EventDetailView.xib in Resources */,
				45D4D9B62A3C2B7B00D7ED04 /* ConnectionItemCell.xib in Resources */,
				459C066D2A3700DF0066F85A /* NameCardEditView.xib in Resources */,
				457C508C2A38438800FCE8D0 /* HomeHeaderJobItemCell.xib in Resources */,
				45E85B272A3B0A4200B820CD /* CaledarItemCell.xib in Resources */,
				45A10A4B2A31B03F00726B66 /* ProfileHeaderView.xib in Resources */,
				45920B2D2A2DB3A2005871ED /* InfoPlist.strings in Resources */,
				450B6C862A37FFAB008B0C4A /* JobItemCell.xib in Resources */,
				45E85B232A3AFFC100B820CD /* CalendarSectionView.xib in Resources */,
				45ADB29D2A40390100745F6F /* ConnectionOfMyCell.xib in Resources */,
				45920AF42A26E045005871ED /* Assets.xcassets in Resources */,
				450BA6E32A3312EB00764828 /* RegistConfirmView.xib in Resources */,
				45ADB2972A3FFCF800745F6F /* CalendarAddEventView.xib in Resources */,
				45E85B1D2A3AE26500B820CD /* CalendarView.xib in Resources */,
				457C50902A384B5F00FCE8D0 /* HomeItemCell.xib in Resources */,
				450B6C8E2A383D8F008B0C4A /* HomeHeaderView.xib in Resources */,
				450BA6CB2A32B9D800764828 /* LoginView.xib in Resources */,
				459C06632A36F1370066F85A /* NameCardQRCodeView.xib in Resources */,
				45920AF52A26E045005871ED /* LaunchScreen.storyboard in Resources */,
			);
			runOnlyForDeploymentPostprocessing = 0;
		};
/* End PBXResourcesBuildPhase section */

/* Begin PBXShellScriptBuildPhase section */
		0F461698B7F1731B93DA9536 /* [CP] Check Pods Manifest.lock */ = {
			isa = PBXShellScriptBuildPhase;
			buildActionMask = 2147483647;
			files = (
			);
			inputFileListPaths = (
			);
			inputPaths = (
				"${PODS_PODFILE_DIR_PATH}/Podfile.lock",
				"${PODS_ROOT}/Manifest.lock",
			);
			name = "[CP] Check Pods Manifest.lock";
			outputFileListPaths = (
			);
			outputPaths = (
				"$(DERIVED_FILE_DIR)/Pods-Wecyn-checkManifestLockResult.txt",
			);
			runOnlyForDeploymentPostprocessing = 0;
			shellPath = /bin/sh;
			shellScript = "diff \"${PODS_PODFILE_DIR_PATH}/Podfile.lock\" \"${PODS_ROOT}/Manifest.lock\" > /dev/null\nif [ $? != 0 ] ; then\n    # print error to STDERR\n    echo \"error: The sandbox is not in sync with the Podfile.lock. Run 'pod install' or update your CocoaPods installation.\" >&2\n    exit 1\nfi\n# This output is used by Xcode 'outputs' to avoid re-running this script phase.\necho \"SUCCESS\" > \"${SCRIPT_OUTPUT_FILE_0}\"\n";
			showEnvVarsInLog = 0;
		};
		450BA6BB2A31CCE000764828 /* ShellScript */ = {
			isa = PBXShellScriptBuildPhase;
			alwaysOutOfDate = 1;
			buildActionMask = 2147483647;
			files = (
			);
			inputFileListPaths = (
			);
			inputPaths = (
			);
			outputFileListPaths = (
			);
			outputPaths = (
				$SRCROOT/R.generated.swift,
			);
			runOnlyForDeploymentPostprocessing = 0;
			shellPath = /bin/sh;
			shellScript = "# Type a script or drag a script file from your workspace to insert its path.\n\"$PODS_ROOT/R.swift/rswift\" generate \"$SRCROOT/R.generated.swift\"\n";
		};
		7ADA8EE899883EEC9D8C8070 /* [CP] Embed Pods Frameworks */ = {
			isa = PBXShellScriptBuildPhase;
			buildActionMask = 2147483647;
			files = (
			);
			inputFileListPaths = (
				"${PODS_ROOT}/Target Support Files/Pods-Wecyn/Pods-Wecyn-frameworks-${CONFIGURATION}-input-files.xcfilelist",
			);
			name = "[CP] Embed Pods Frameworks";
			outputFileListPaths = (
				"${PODS_ROOT}/Target Support Files/Pods-Wecyn/Pods-Wecyn-frameworks-${CONFIGURATION}-output-files.xcfilelist",
			);
			runOnlyForDeploymentPostprocessing = 0;
			shellPath = /bin/sh;
			shellScript = "\"${PODS_ROOT}/Target Support Files/Pods-Wecyn/Pods-Wecyn-frameworks.sh\"\n";
			showEnvVarsInLog = 0;
		};
/* End PBXShellScriptBuildPhase section */

/* Begin PBXSourcesBuildPhase section */
		459209C82A26D5F4005871ED /* Sources */ = {
			isa = PBXSourcesBuildPhase;
			buildActionMask = 2147483647;
			files = (
				4536533A2A4136BA0026EC8D /* UserInfoModel.swift in Sources */,
				45920AF72A26E045005871ED /* AppDelegate.swift in Sources */,
				459C06652A36F59C0066F85A /* NameCardQRCodeView.swift in Sources */,
				457133B92A4D0E81007B783A /* EventSearchViewController.swift in Sources */,
				45920AED2A26E045005871ED /* WebView.swift in Sources */,
				457C509D2A38648300FCE8D0 /* CountryModel.swift in Sources */,
				45920AFA2A26E045005871ED /* BaseViewController.swift in Sources */,
				450BA6D52A32F05B00764828 /* RegistInfoController.swift in Sources */,
				45A10A492A31B02500726B66 /* ProfileHeaderView.swift in Sources */,
				45920ACE2A26E045005871ED /* APIHost.swift in Sources */,
				45920AD82A26E045005871ED /* AppKey.swift in Sources */,
				45BBF5262A48328D0018992C /* MessageController.swift in Sources */,
				457C7D972A52644D002E50DF /* AddAssitantsRequestModel.swift in Sources */,
				4519A48F2A4AC69C007481A6 /* EventDetailController.swift in Sources */,
				450B6C8C2A383D24008B0C4A /* HomeHeaderView.swift in Sources */,
				450BA6DB2A330A2300764828 /* RegistProfileController.swift in Sources */,
				45920AEC2A26E045005871ED /* WebBrowserController.swift in Sources */,
				45920ADB2A26E045005871ED /* NotifictionCenter+Name.swift in Sources */,
				450BA6C92A32B9C700764828 /* LoginView.swift in Sources */,
				457C509A2A38598100FCE8D0 /* AuthService.swift in Sources */,
				450BA6BD2A31CDAB00764828 /* R.generated.swift in Sources */,
				450BA6BA2A31C76E00764828 /* ProfileSectionView.swift in Sources */,
				45920AFC2A26E045005871ED /* BaseNavigationController.swift in Sources */,
				45920AEE2A26E045005871ED /* ScriptMessage.swift in Sources */,
				457C50982A38589200FCE8D0 /* AuthApi.swift in Sources */,
				45920AD02A26E045005871ED /* EmptyDataType.swift in Sources */,
				450B6C802A37F85B008B0C4A /* EditViewController.swift in Sources */,
				450B6C7E2A371733008B0C4A /* Operators.swift in Sources */,
				45920AE72A26E045005871ED /* RefreshAnimationHeader.swift in Sources */,
				457C50962A38582A00FCE8D0 /* RegistRequestModel.swift in Sources */,
				453653432A47E8C70026EC8D /* ConnectAuditItemCell.swift in Sources */,
				45E765B52A31A99400BF6EEC /* SettingController.swift in Sources */,
				45920AE62A26E045005871ED /* RefreshAnimationFooter.swift in Sources */,
				459C065B2A36BBED0066F85A /* ProfileEducationItemCell.swift in Sources */,
				45920AEB2A26E045005871ED /* WebBrowser+MessageHandler.swift in Sources */,
				450BA6B62A31B9B000764828 /* Localizer.swift in Sources */,
				459C065D2A36C0540066F85A /* ProfileSkillsItemCell.swift in Sources */,
				450B6C852A37FFAB008B0C4A /* JobItemCell.swift in Sources */,
				45920AEF2A26E045005871ED /* YBTapLabel.swift in Sources */,
				45920AFB2A26E045005871ED /* BaseTableController.swift in Sources */,
				45920ACB2A26E045005871ED /* CacheProvider+Extension.swift in Sources */,
				45D4D9B32A3C2B2200D7ED04 /* ConnectionItemCell.swift in Sources */,
				45E85B112A398EBA00B820CD /* CityModel.swift in Sources */,
				450BA6CF2A32C62D00764828 /* SwiftFitSize.swift in Sources */,
				45920AFF2A26E045005871ED /* DataLoadable.swift in Sources */,
				450BA6BF2A32B4B700764828 /* UIViewExtension.swift in Sources */,
				45920AF22A26E045005871ED /* Defaults.swift in Sources */,
				45920AD12A26E045005871ED /* DataParseErrorType.swift in Sources */,
				45920AD42A26E045005871ED /* Exported.swift in Sources */,
				45920AF32A26E045005871ED /* Haptico.swift in Sources */,
				45920AE82A26E045005871ED /* LoaddingButton.swift in Sources */,
				45ADB2992A4038E800745F6F /* ConnectionOfMyController.swift in Sources */,
				457C7D932A4D6A47002E50DF /* DatePickerView.swift in Sources */,
				45920AE92A26E045005871ED /* CountDownButton.swift in Sources */,
				45920AD32A26E045005871ED /* HomeController.swift in Sources */,
				457B2AFA2A36B2610098013A /* ProfileExperienceItemCell.swift in Sources */,
				45920AF92A26E045005871ED /* BaseViewController+Extension.swift in Sources */,
				45E85B132A3AB4FA00B820CD /* TokenModel.swift in Sources */,
				457C7D952A4E6BB1002E50DF /* FriendSearchController.swift in Sources */,
				45E85B1F2A3AE3E800B820CD /* CalendarHeaderView.swift in Sources */,
				450BA6C72A32B9BD00764828 /* LoginController.swift in Sources */,
				45005C4C2A52AF4500560E21 /* EventListRequestModel.swift in Sources */,
				45920AF12A26E045005871ED /* DefaultsExtension.swift in Sources */,
				45ADB2952A3FFCEC00745F6F /* CalendarAddEventView.swift in Sources */,
				4536533C2A413DF70026EC8D /* FriendApi.swift in Sources */,
				45E85B192A3AE23500B820CD /* CalendarController.swift in Sources */,
				45920AD52A26E045005871ED /* Macro.swift in Sources */,
				45920AFE2A26E045005871ED /* BaseModel.swift in Sources */,
				45E765B82A31A9EE00BF6EEC /* ConnectionController.swift in Sources */,
				459C06612A36F03E0066F85A /* NameCardView.swift in Sources */,
				45ADB2932A3FF72D00745F6F /* CalendarAddEventController.swift in Sources */,
				450BA6B82A31C6EE00764828 /* ProfileNoActivitySectionView.swift in Sources */,
				45920ACC2A26E045005871ED /* APIError.swift in Sources */,
				45920AD72A26E045005871ED /* Device.swift in Sources */,
				4519A48B2A4AB716007481A6 /* EventDetailView.swift in Sources */,
				45920AC92A26E045005871ED /* Cacheable+Extension.swift in Sources */,
				450BA6E52A33130B00764828 /* RegistConfirmView.swift in Sources */,
				45920AEA2A26E045005871ED /* ZoomImageScrollView.swift in Sources */,
				45920AF02A26E045005871ED /* TapticEngine.swift in Sources */,
				45920AE52A26E045005871ED /* Toast.swift in Sources */,
				459C066B2A3700D70066F85A /* NameCardEditView.swift in Sources */,
				45E85B1B2A3AE25B00B820CD /* CalendarView.swift in Sources */,
				459C06592A36B9150066F85A /* ProfileInterestsItemsCell.swift in Sources */,
				450BA6E72A36A96800764828 /* RegistAddAvatarController.swift in Sources */,
				45ADB2912A3FF0AD00745F6F /* UserService.swift in Sources */,
				45E765BB2A31A9FD00BF6EEC /* JobController.swift in Sources */,
				450BA6E12A3312D500764828 /* RegistConfirmController.swift in Sources */,
				45BBF52C2A4835440018992C /* ScheduleService.swift in Sources */,
				45D4D9B82A3C3FB400D7ED04 /* ConnectionRecommendController.swift in Sources */,
				45920AD22A26E045005871ED /* MainApi.swift in Sources */,
				457C508F2A384B5F00FCE8D0 /* HomeItemCell.swift in Sources */,
				450BA6D72A32F06B00764828 /* RegistInfoView.swift in Sources */,
				457C7DD02A52976D002E50DF /* CalendarAssistantMenu.swift in Sources */,
				4519A4892A495A72007481A6 /* CalendarAddAttendanceController.swift in Sources */,
				459C06672A36F7220066F85A /* NameCardContentView.swift in Sources */,
				45E765BE2A31ABA200BF6EEC /* MainController.swift in Sources */,
				457C508B2A38438800FCE8D0 /* HomeHeaderJobItemCell.swift in Sources */,
				45E765B22A31A97F00BF6EEC /* ProfileController.swift in Sources */,
				45ADB29C2A40390100745F6F /* ConnectionOfMyCell.swift in Sources */,
				457C509F2A3949E400FCE8D0 /* CountryListController.swift in Sources */,
				45ADB28F2A3FF00E00745F6F /* UserApi.swift in Sources */,
				45E85B262A3B0A4200B820CD /* CaledarItemCell.swift in Sources */,
				45E85B212A3AFC4800B820CD /* CalendarSectionView.swift in Sources */,
				45920AE12A26E045005871ED /* Permission+Extension.swift in Sources */,
				45005C4E2A53B67D00560E21 /* EventSetAssistantsController.swift in Sources */,
				45920ACA2A26E045005871ED /* ObservableType+HandyJson.swift in Sources */,
				450B6C882A380CC9008B0C4A /* JobSavedController.swift in Sources */,
				45920ACD2A26E045005871ED /* NetworkLogPlugin.swift in Sources */,
				45BBF52A2A4833B00018992C /* AddEventRequestModel.swift in Sources */,
				450BA6E92A36A97700764828 /* RegistAddAvatarView.swift in Sources */,
				45920AFD2A26E045005871ED /* BaseCollectionController.swift in Sources */,
				45BBF5282A4832EC0018992C /* ScheduleApi.swift in Sources */,
				45920AD62A26E045005871ED /* PKError.swift in Sources */,
				450BA6DD2A330A3500764828 /* RegistProfileView.swift in Sources */,
				4536533E2A413F270026EC8D /* FriendService.swift in Sources */,
				45920ADD2A26E045005871ED /* NSObject+Extension.swift in Sources */,
			);
			runOnlyForDeploymentPostprocessing = 0;
		};
/* End PBXSourcesBuildPhase section */

/* Begin PBXVariantGroup section */
		45920AB92A26E045005871ED /* LaunchScreen.storyboard */ = {
			isa = PBXVariantGroup;
			children = (
				45920ABA2A26E045005871ED /* Base */,
				45920B272A2DB242005871ED /* zh-Hans */,
			);
			name = LaunchScreen.storyboard;
			sourceTree = "<group>";
		};
		45920B2F2A2DB3A2005871ED /* InfoPlist.strings */ = {
			isa = PBXVariantGroup;
			children = (
				45920B2E2A2DB3A2005871ED /* en */,
				45920B302A2DB3E9005871ED /* zh-Hans */,
			);
			name = InfoPlist.strings;
			sourceTree = "<group>";
		};
		45920B352A2DB43D005871ED /* Localizable.strings */ = {
			isa = PBXVariantGroup;
			children = (
				45920B342A2DB43D005871ED /* en */,
				45920B362A2DB43E005871ED /* zh-Hans */,
			);
			name = Localizable.strings;
			sourceTree = "<group>";
		};
/* End PBXVariantGroup section */

/* Begin XCBuildConfiguration section */
		459209DE2A26D5F8005871ED /* Debug */ = {
			isa = XCBuildConfiguration;
			buildSettings = {
				ALWAYS_SEARCH_USER_PATHS = NO;
				CLANG_ANALYZER_LOCALIZABILITY_NONLOCALIZED = YES;
				CLANG_ANALYZER_NONNULL = YES;
				CLANG_ANALYZER_NUMBER_OBJECT_CONVERSION = YES_AGGRESSIVE;
				CLANG_CXX_LANGUAGE_STANDARD = "gnu++20";
				CLANG_ENABLE_MODULES = YES;
				CLANG_ENABLE_OBJC_ARC = YES;
				CLANG_ENABLE_OBJC_WEAK = YES;
				CLANG_WARN_BLOCK_CAPTURE_AUTORELEASING = YES;
				CLANG_WARN_BOOL_CONVERSION = YES;
				CLANG_WARN_COMMA = YES;
				CLANG_WARN_CONSTANT_CONVERSION = YES;
				CLANG_WARN_DEPRECATED_OBJC_IMPLEMENTATIONS = YES;
				CLANG_WARN_DIRECT_OBJC_ISA_USAGE = YES_ERROR;
				CLANG_WARN_DOCUMENTATION_COMMENTS = YES;
				CLANG_WARN_EMPTY_BODY = YES;
				CLANG_WARN_ENUM_CONVERSION = YES;
				CLANG_WARN_INFINITE_RECURSION = YES;
				CLANG_WARN_INT_CONVERSION = YES;
				CLANG_WARN_NON_LITERAL_NULL_CONVERSION = YES;
				CLANG_WARN_OBJC_IMPLICIT_RETAIN_SELF = YES;
				CLANG_WARN_OBJC_LITERAL_CONVERSION = YES;
				CLANG_WARN_OBJC_ROOT_CLASS = YES_ERROR;
				CLANG_WARN_QUOTED_INCLUDE_IN_FRAMEWORK_HEADER = YES;
				CLANG_WARN_RANGE_LOOP_ANALYSIS = YES;
				CLANG_WARN_STRICT_PROTOTYPES = YES;
				CLANG_WARN_SUSPICIOUS_MOVE = YES;
				CLANG_WARN_UNGUARDED_AVAILABILITY = YES_AGGRESSIVE;
				CLANG_WARN_UNREACHABLE_CODE = YES;
				CLANG_WARN__DUPLICATE_METHOD_MATCH = YES;
				COPY_PHASE_STRIP = NO;
				DEBUG_INFORMATION_FORMAT = dwarf;
				ENABLE_STRICT_OBJC_MSGSEND = YES;
				ENABLE_TESTABILITY = YES;
				GCC_C_LANGUAGE_STANDARD = gnu11;
				GCC_DYNAMIC_NO_PIC = NO;
				GCC_NO_COMMON_BLOCKS = YES;
				GCC_OPTIMIZATION_LEVEL = 0;
				GCC_PREPROCESSOR_DEFINITIONS = (
					"DEBUG=1",
					"$(inherited)",
				);
				GCC_WARN_64_TO_32_BIT_CONVERSION = YES;
				GCC_WARN_ABOUT_RETURN_TYPE = YES_ERROR;
				GCC_WARN_UNDECLARED_SELECTOR = YES;
				GCC_WARN_UNINITIALIZED_AUTOS = YES_AGGRESSIVE;
				GCC_WARN_UNUSED_FUNCTION = YES;
				GCC_WARN_UNUSED_VARIABLE = YES;
				IPHONEOS_DEPLOYMENT_TARGET = 12.0;
				MTL_ENABLE_DEBUG_INFO = INCLUDE_SOURCE;
				MTL_FAST_MATH = YES;
				ONLY_ACTIVE_ARCH = YES;
				SDKROOT = iphoneos;
				SWIFT_ACTIVE_COMPILATION_CONDITIONS = DEBUG;
				SWIFT_OPTIMIZATION_LEVEL = "-Onone";
			};
			name = Debug;
		};
		459209DF2A26D5F8005871ED /* Release */ = {
			isa = XCBuildConfiguration;
			buildSettings = {
				ALWAYS_SEARCH_USER_PATHS = NO;
				CLANG_ANALYZER_LOCALIZABILITY_NONLOCALIZED = YES;
				CLANG_ANALYZER_NONNULL = YES;
				CLANG_ANALYZER_NUMBER_OBJECT_CONVERSION = YES_AGGRESSIVE;
				CLANG_CXX_LANGUAGE_STANDARD = "gnu++20";
				CLANG_ENABLE_MODULES = YES;
				CLANG_ENABLE_OBJC_ARC = YES;
				CLANG_ENABLE_OBJC_WEAK = YES;
				CLANG_WARN_BLOCK_CAPTURE_AUTORELEASING = YES;
				CLANG_WARN_BOOL_CONVERSION = YES;
				CLANG_WARN_COMMA = YES;
				CLANG_WARN_CONSTANT_CONVERSION = YES;
				CLANG_WARN_DEPRECATED_OBJC_IMPLEMENTATIONS = YES;
				CLANG_WARN_DIRECT_OBJC_ISA_USAGE = YES_ERROR;
				CLANG_WARN_DOCUMENTATION_COMMENTS = YES;
				CLANG_WARN_EMPTY_BODY = YES;
				CLANG_WARN_ENUM_CONVERSION = YES;
				CLANG_WARN_INFINITE_RECURSION = YES;
				CLANG_WARN_INT_CONVERSION = YES;
				CLANG_WARN_NON_LITERAL_NULL_CONVERSION = YES;
				CLANG_WARN_OBJC_IMPLICIT_RETAIN_SELF = YES;
				CLANG_WARN_OBJC_LITERAL_CONVERSION = YES;
				CLANG_WARN_OBJC_ROOT_CLASS = YES_ERROR;
				CLANG_WARN_QUOTED_INCLUDE_IN_FRAMEWORK_HEADER = YES;
				CLANG_WARN_RANGE_LOOP_ANALYSIS = YES;
				CLANG_WARN_STRICT_PROTOTYPES = YES;
				CLANG_WARN_SUSPICIOUS_MOVE = YES;
				CLANG_WARN_UNGUARDED_AVAILABILITY = YES_AGGRESSIVE;
				CLANG_WARN_UNREACHABLE_CODE = YES;
				CLANG_WARN__DUPLICATE_METHOD_MATCH = YES;
				COPY_PHASE_STRIP = NO;
				DEBUG_INFORMATION_FORMAT = "dwarf-with-dsym";
				ENABLE_NS_ASSERTIONS = NO;
				ENABLE_STRICT_OBJC_MSGSEND = YES;
				GCC_C_LANGUAGE_STANDARD = gnu11;
				GCC_NO_COMMON_BLOCKS = YES;
				GCC_WARN_64_TO_32_BIT_CONVERSION = YES;
				GCC_WARN_ABOUT_RETURN_TYPE = YES_ERROR;
				GCC_WARN_UNDECLARED_SELECTOR = YES;
				GCC_WARN_UNINITIALIZED_AUTOS = YES_AGGRESSIVE;
				GCC_WARN_UNUSED_FUNCTION = YES;
				GCC_WARN_UNUSED_VARIABLE = YES;
				IPHONEOS_DEPLOYMENT_TARGET = 12.0;
				MTL_ENABLE_DEBUG_INFO = NO;
				MTL_FAST_MATH = YES;
				SDKROOT = iphoneos;
				SWIFT_COMPILATION_MODE = wholemodule;
				SWIFT_OPTIMIZATION_LEVEL = "-O";
				VALIDATE_PRODUCT = YES;
			};
			name = Release;
		};
		459209E12A26D5F8005871ED /* Debug */ = {
			isa = XCBuildConfiguration;
			baseConfigurationReference = F6737696186A89881164CB5A /* Pods-Wecyn.debug.xcconfig */;
			buildSettings = {
				ASSETCATALOG_COMPILER_APPICON_NAME = AppIcon;
				ASSETCATALOG_COMPILER_GLOBAL_ACCENT_COLOR_NAME = AccentColor;
				CODE_SIGN_STYLE = Automatic;
				CURRENT_PROJECT_VERSION = 1;
				DEVELOPMENT_TEAM = 4F6LM54QKY;
				GENERATE_INFOPLIST_FILE = YES;
				INFOPLIST_FILE = Wecyn/SupportFile/Info.plist;
				INFOPLIST_KEY_CFBundleDisplayName = Wecyn;
				INFOPLIST_KEY_NSCameraUsageDescription = "Upload profile picture using camera";
				INFOPLIST_KEY_NSPhotoLibraryUsageDescription = "Upload profile picture from photolibrary";
				INFOPLIST_KEY_UIApplicationSupportsIndirectInputEvents = YES;
				INFOPLIST_KEY_UILaunchStoryboardName = LaunchScreen;
				INFOPLIST_KEY_UIRequiredDeviceCapabilities = armv7;
				INFOPLIST_KEY_UIRequiresFullScreen = YES;
				INFOPLIST_KEY_UIStatusBarHidden = YES;
				INFOPLIST_KEY_UISupportedInterfaceOrientations = UIInterfaceOrientationPortrait;
				INFOPLIST_KEY_UIUserInterfaceStyle = Light;
				IPHONEOS_DEPLOYMENT_TARGET = 13.0;
				LD_RUNPATH_SEARCH_PATHS = (
					"$(inherited)",
					"@executable_path/Frameworks",
				);
				MARKETING_VERSION = 1.0;
				PRODUCT_BUNDLE_IDENTIFIER = com.terra.wecyn;
				PRODUCT_NAME = "$(TARGET_NAME)";
				SUPPORTED_PLATFORMS = "iphoneos iphonesimulator";
				SUPPORTS_MACCATALYST = NO;
				SUPPORTS_MAC_DESIGNED_FOR_IPHONE_IPAD = NO;
				SWIFT_EMIT_LOC_STRINGS = YES;
				SWIFT_VERSION = 5.0;
				TARGETED_DEVICE_FAMILY = 1;
			};
			name = Debug;
		};
		459209E22A26D5F8005871ED /* Release */ = {
			isa = XCBuildConfiguration;
			baseConfigurationReference = 85753C0B8E9CA6B5BCF3B27A /* Pods-Wecyn.release.xcconfig */;
			buildSettings = {
				ASSETCATALOG_COMPILER_APPICON_NAME = AppIcon;
				ASSETCATALOG_COMPILER_GLOBAL_ACCENT_COLOR_NAME = AccentColor;
				CODE_SIGN_STYLE = Automatic;
				CURRENT_PROJECT_VERSION = 1;
				DEVELOPMENT_TEAM = 4F6LM54QKY;
				GENERATE_INFOPLIST_FILE = YES;
				INFOPLIST_FILE = Wecyn/SupportFile/Info.plist;
				INFOPLIST_KEY_CFBundleDisplayName = Wecyn;
				INFOPLIST_KEY_NSCameraUsageDescription = "Upload profile picture using camera";
				INFOPLIST_KEY_NSPhotoLibraryUsageDescription = "Upload profile picture from photolibrary";
				INFOPLIST_KEY_UIApplicationSupportsIndirectInputEvents = YES;
				INFOPLIST_KEY_UILaunchStoryboardName = LaunchScreen;
				INFOPLIST_KEY_UIRequiredDeviceCapabilities = armv7;
				INFOPLIST_KEY_UIRequiresFullScreen = YES;
				INFOPLIST_KEY_UIStatusBarHidden = YES;
				INFOPLIST_KEY_UISupportedInterfaceOrientations = UIInterfaceOrientationPortrait;
				INFOPLIST_KEY_UIUserInterfaceStyle = Light;
				IPHONEOS_DEPLOYMENT_TARGET = 13.0;
				LD_RUNPATH_SEARCH_PATHS = (
					"$(inherited)",
					"@executable_path/Frameworks",
				);
				MARKETING_VERSION = 1.0;
				PRODUCT_BUNDLE_IDENTIFIER = com.terra.wecyn;
				PRODUCT_NAME = "$(TARGET_NAME)";
				SUPPORTED_PLATFORMS = "iphoneos iphonesimulator";
				SUPPORTS_MACCATALYST = NO;
				SUPPORTS_MAC_DESIGNED_FOR_IPHONE_IPAD = NO;
				SWIFT_EMIT_LOC_STRINGS = YES;
				SWIFT_VERSION = 5.0;
				TARGETED_DEVICE_FAMILY = 1;
			};
			name = Release;
		};
/* End XCBuildConfiguration section */

/* Begin XCConfigurationList section */
		459209C72A26D5F4005871ED /* Build configuration list for PBXProject "Wecyn" */ = {
			isa = XCConfigurationList;
			buildConfigurations = (
				459209DE2A26D5F8005871ED /* Debug */,
				459209DF2A26D5F8005871ED /* Release */,
			);
			defaultConfigurationIsVisible = 0;
			defaultConfigurationName = Release;
		};
		459209E02A26D5F8005871ED /* Build configuration list for PBXNativeTarget "Wecyn" */ = {
			isa = XCConfigurationList;
			buildConfigurations = (
				459209E12A26D5F8005871ED /* Debug */,
				459209E22A26D5F8005871ED /* Release */,
			);
			defaultConfigurationIsVisible = 0;
			defaultConfigurationName = Release;
		};
/* End XCConfigurationList section */
	};
	rootObject = 459209C42A26D5F4005871ED /* Project object */;
}
